{
  "nodes": {
    "actions-preview-nvim": {
      "flake": false,
      "locked": {
        "lastModified": 1740589350,
        "narHash": "sha256-MP1hohDL2JFembwW+cb2S+v2Y7j0iZw1jPPKTZiNCWI=",
        "owner": "aznhe21",
        "repo": "actions-preview.nvim",
        "rev": "4ab7842eb6a5b6d2b004f8234dcf33382a0fdde2",
        "type": "github"
      },
      "original": {
        "owner": "aznhe21",
        "repo": "actions-preview.nvim",
        "type": "github"
      }
    },
    "autoclose-nvim": {
      "flake": false,
      "locked": {
        "lastModified": 1721556834,
        "narHash": "sha256-mIInxvk4CQ6gXVTPyGNTFHpmtCYb8J5U+99+NyyPSmM=",
        "owner": "m4xshen",
        "repo": "autoclose.nvim",
        "rev": "b2077aa2c83df7ebc19b2a20a3a0654b24ae9c8f",
        "type": "github"
      },
      "original": {
        "owner": "m4xshen",
        "repo": "autoclose.nvim",
        "type": "github"
      }
    },
    "cmp-luasnip": {
      "flake": false,
      "locked": {
        "lastModified": 1730707109,
        "narHash": "sha256-86lKQPPyqFz8jzuLajjHMKHrYnwW6+QOcPyQEx6B+gw=",
        "owner": "saadparwaiz1",
        "repo": "cmp_luasnip",
        "rev": "98d9cb5c2c38532bd9bdb481067b20fea8f32e90",
        "type": "github"
      },
      "original": {
        "owner": "saadparwaiz1",
        "repo": "cmp_luasnip",
        "type": "github"
      }
    },
    "cmp-nvim-lsp": {
      "flake": false,
      "locked": {
        "lastModified": 1733823748,
        "narHash": "sha256-iaihXNCF5bB5MdeoosD/kc3QtpA/QaIDZVLiLIurBSM=",
        "owner": "hrsh7th",
        "repo": "cmp-nvim-lsp",
        "rev": "99290b3ec1322070bcfb9e846450a46f6efa50f0",
        "type": "github"
      },
      "original": {
        "owner": "hrsh7th",
        "repo": "cmp-nvim-lsp",
        "type": "github"
      }
    },
    "conform-nvim": {
      "flake": false,
      "locked": {
        "lastModified": 1739657764,
        "narHash": "sha256-H9JLiRtixDKDN50SH6gkqgjlhLzHMAaOT1pc69ZFdco=",
        "owner": "stevearc",
        "repo": "conform.nvim",
        "rev": "a6f5bdb78caa305496357d17e962bbc4c0b392e2",
        "type": "github"
      },
      "original": {
        "owner": "stevearc",
        "repo": "conform.nvim",
        "type": "github"
      }
    },
    "diagflow-nvim": {
      "flake": false,
      "locked": {
        "lastModified": 1738004774,
        "narHash": "sha256-XX8wcwJOHtkKgxr2+QMbpTixPcLjyoDQeSpor/vy4ig=",
        "owner": "dgagn",
        "repo": "diagflow.nvim",
        "rev": "9a05fda174038d349845efc70422bda4ce86b185",
        "type": "github"
      },
      "original": {
        "owner": "dgagn",
        "repo": "diagflow.nvim",
        "type": "github"
      }
    },
    "eagle-nvim": {
      "flake": false,
      "locked": {
        "lastModified": 1732549102,
        "narHash": "sha256-0kZNyYY9L87ndUL6u9eSokJoDwS9Fd0XGDgTR77VbRM=",
        "owner": "soulis-1256",
        "repo": "eagle.nvim",
        "rev": "4105db74a1a0809b968661ec8d8531724fc66241",
        "type": "github"
      },
      "original": {
        "owner": "soulis-1256",
        "repo": "eagle.nvim",
        "type": "github"
      }
    },
    "easypick-nvim": {
      "flake": false,
      "locked": {
        "lastModified": 1731059316,
        "narHash": "sha256-Zwwx9PywdmSaHPo2OPFaG+gs7Y6yOzYBlpjcfpLfcKU=",
        "owner": "axkirillov",
        "repo": "easypick.nvim",
        "rev": "a8772f39519574df1ed49110b4fe02456a240530",
        "type": "github"
      },
      "original": {
        "owner": "axkirillov",
        "repo": "easypick.nvim",
        "type": "github"
      }
    },
    "evergarden": {
      "flake": false,
      "locked": {
        "lastModified": 1742567518,
        "narHash": "sha256-J+feL1JVOxl4CoZOwt08gVelvU0/ue5sEzexA9iGFsw=",
        "owner": "comfysage",
        "repo": "evergarden",
        "rev": "154f6326fd5b870674412093dcfd2fa90aa78a31",
        "type": "github"
      },
      "original": {
        "owner": "comfysage",
        "repo": "evergarden",
        "type": "github"
      }
    },
    "fidget-nvim": {
      "flake": false,
      "locked": {
        "lastModified": 1738817426,
        "narHash": "sha256-AFUx/ZQVWV7s5Wlppjk6N9QXoJKNKqxtf990FFlTEhw=",
        "owner": "j-hui",
        "repo": "fidget.nvim",
        "rev": "d9ba6b7bfe29b3119a610892af67602641da778e",
        "type": "github"
      },
      "original": {
        "owner": "j-hui",
        "repo": "fidget.nvim",
        "type": "github"
      }
    },
    "flake-compat": {
      "flake": false,
      "locked": {
        "lastModified": 1696426674,
        "narHash": "sha256-kvjfFW7WAETZlt09AgDn1MrtKzP7t90Vf7vypd3OL1U=",
        "owner": "edolstra",
        "repo": "flake-compat",
        "rev": "0f9255e01c2351cc7d116c072cb317785dd33b33",
        "type": "github"
      },
      "original": {
        "owner": "edolstra",
        "repo": "flake-compat",
        "type": "github"
      }
    },
    "flake-compat_2": {
      "flake": false,
      "locked": {
        "lastModified": 1733328505,
        "narHash": "sha256-NeCCThCEP3eCl2l/+27kNNK7QrwZB1IJCrXfrbv5oqU=",
        "owner": "edolstra",
        "repo": "flake-compat",
        "rev": "ff81ac966bb2cae68946d5ed5fc4994f96d0ffec",
        "type": "github"
      },
      "original": {
        "owner": "edolstra",
        "repo": "flake-compat",
        "type": "github"
      }
    },
    "flake-compat_3": {
      "flake": false,
      "locked": {
        "lastModified": 1696426674,
        "narHash": "sha256-kvjfFW7WAETZlt09AgDn1MrtKzP7t90Vf7vypd3OL1U=",
        "owner": "edolstra",
        "repo": "flake-compat",
        "rev": "0f9255e01c2351cc7d116c072cb317785dd33b33",
        "type": "github"
      },
      "original": {
        "owner": "edolstra",
        "repo": "flake-compat",
        "type": "github"
      }
    },
    "flake-parts": {
      "inputs": {
        "nixpkgs-lib": "nixpkgs-lib"
      },
      "locked": {
        "lastModified": 1717285511,
        "narHash": "sha256-iKzJcpdXih14qYVcZ9QC9XuZYnPc6T8YImb6dX166kw=",
        "owner": "hercules-ci",
        "repo": "flake-parts",
        "rev": "2a55567fcf15b1b1c7ed712a2c6fadaec7412ea8",
        "type": "github"
      },
      "original": {
        "owner": "hercules-ci",
        "repo": "flake-parts",
        "type": "github"
      }
    },
    "flake-parts_2": {
      "inputs": {
        "nixpkgs-lib": [
          "neovim-nightly",
          "nixpkgs"
        ]
      },
      "locked": {
        "lastModified": 1740872218,
        "narHash": "sha256-ZaMw0pdoUKigLpv9HiNDH2Pjnosg7NBYMJlHTIsHEUo=",
        "owner": "hercules-ci",
        "repo": "flake-parts",
        "rev": "3876f6b87db82f33775b1ef5ea343986105db764",
        "type": "github"
      },
      "original": {
        "owner": "hercules-ci",
        "repo": "flake-parts",
        "type": "github"
      }
    },
    "flake-parts_3": {
      "inputs": {
        "nixpkgs-lib": [
          "neovim-nightly",
          "hercules-ci-effects",
          "nixpkgs"
        ]
      },
      "locked": {
        "lastModified": 1738453229,
        "narHash": "sha256-7H9XgNiGLKN1G1CgRh0vUL4AheZSYzPm+zmZ7vxbJdo=",
        "owner": "hercules-ci",
        "repo": "flake-parts",
        "rev": "32ea77a06711b758da0ad9bd6a844c5740a87abd",
        "type": "github"
      },
      "original": {
        "id": "flake-parts",
        "type": "indirect"
      }
    },
    "flake-utils": {
      "inputs": {
        "systems": "systems"
      },
      "locked": {
        "lastModified": 1731533236,
        "narHash": "sha256-l0KFg5HjrsfsO/JpG+r7fRrqm12kzFHyUHqHCVpMMbI=",
        "owner": "numtide",
        "repo": "flake-utils",
        "rev": "11707dc2f618dd54ca8739b309ec4fc024de578b",
        "type": "github"
      },
      "original": {
        "owner": "numtide",
        "repo": "flake-utils",
        "type": "github"
      }
    },
    "gen-luarc": {
      "inputs": {
        "flake-parts": "flake-parts",
        "git-hooks": "git-hooks",
        "luvit-meta": "luvit-meta",
        "nixpkgs": "nixpkgs"
      },
      "locked": {
        "lastModified": 1724097937,
        "narHash": "sha256-Q4tgm8ZHAQUdvsNft86MqIbHQAm7OF7RT/wwYWXqSdY=",
        "owner": "mrcjkb",
        "repo": "nix-gen-luarc-json",
        "rev": "b36b69c4ded9f31b079523bc452e23458734cf00",
        "type": "github"
      },
      "original": {
        "owner": "mrcjkb",
        "repo": "nix-gen-luarc-json",
        "type": "github"
      }
    },
    "git-hooks": {
      "inputs": {
        "flake-compat": "flake-compat",
        "gitignore": "gitignore",
        "nixpkgs": [
          "gen-luarc",
          "nixpkgs"
        ],
        "nixpkgs-stable": "nixpkgs-stable"
      },
      "locked": {
        "lastModified": 1723803910,
        "narHash": "sha256-yezvUuFiEnCFbGuwj/bQcqg7RykIEqudOy/RBrId0pc=",
        "owner": "cachix",
        "repo": "git-hooks.nix",
        "rev": "bfef0ada09e2c8ac55bbcd0831bd0c9d42e651ba",
        "type": "github"
      },
      "original": {
        "owner": "cachix",
        "repo": "git-hooks.nix",
        "type": "github"
      }
    },
    "git-hooks_2": {
      "inputs": {
        "flake-compat": "flake-compat_3",
        "gitignore": "gitignore_2",
        "nixpkgs": [
          "neovim-nightly",
          "nixpkgs"
        ]
      },
      "locked": {
        "lastModified": 1740870877,
        "narHash": "sha256-LWDIJvKWMW0tiih1jTcAK0ncTi3S9IF3gOhpCT1ydik=",
        "owner": "cachix",
        "repo": "git-hooks.nix",
        "rev": "25d4946dfc2021584f5bde1fbd2aa97353384a95",
        "type": "github"
      },
      "original": {
        "owner": "cachix",
        "repo": "git-hooks.nix",
        "type": "github"
      }
    },
    "gitignore": {
      "inputs": {
        "nixpkgs": [
          "gen-luarc",
          "git-hooks",
          "nixpkgs"
        ]
      },
      "locked": {
        "lastModified": 1709087332,
        "narHash": "sha256-HG2cCnktfHsKV0s4XW83gU3F57gaTljL9KNSuG6bnQs=",
        "owner": "hercules-ci",
        "repo": "gitignore.nix",
        "rev": "637db329424fd7e46cf4185293b9cc8c88c95394",
        "type": "github"
      },
      "original": {
        "owner": "hercules-ci",
        "repo": "gitignore.nix",
        "type": "github"
      }
    },
    "gitignore_2": {
      "inputs": {
        "nixpkgs": [
          "neovim-nightly",
          "git-hooks",
          "nixpkgs"
        ]
      },
      "locked": {
        "lastModified": 1709087332,
        "narHash": "sha256-HG2cCnktfHsKV0s4XW83gU3F57gaTljL9KNSuG6bnQs=",
        "owner": "hercules-ci",
        "repo": "gitignore.nix",
        "rev": "637db329424fd7e46cf4185293b9cc8c88c95394",
        "type": "github"
      },
      "original": {
        "owner": "hercules-ci",
        "repo": "gitignore.nix",
        "type": "github"
      }
    },
    "gitsigns-nvim": {
      "flake": false,
      "locked": {
        "lastModified": 1740070082,
        "narHash": "sha256-PIwKEPNAkTiZAr8tncjFakvOWX1D5TOdSiurVZ5AcbQ=",
        "owner": "lewis6991",
        "repo": "gitsigns.nvim",
        "rev": "4c40357994f386e72be92a46f41fc1664c84c87d",
        "type": "github"
      },
      "original": {
        "owner": "lewis6991",
        "repo": "gitsigns.nvim",
        "type": "github"
      }
    },
    "hercules-ci-effects": {
      "inputs": {
        "flake-parts": "flake-parts_3",
        "nixpkgs": [
          "neovim-nightly",
          "nixpkgs"
        ]
      },
      "locked": {
        "lastModified": 1739595404,
        "narHash": "sha256-0CjCfbq0yHWexOrpO06e2WU1r5JAqR6ffy1zgM3NksI=",
        "owner": "hercules-ci",
        "repo": "hercules-ci-effects",
        "rev": "06519cec8fb32d219006da6eacd255504a9996af",
        "type": "github"
      },
      "original": {
        "owner": "hercules-ci",
        "repo": "hercules-ci-effects",
        "type": "github"
      }
    },
    "highlight-undo-nvim": {
      "flake": false,
      "locked": {
        "lastModified": 1739540808,
        "narHash": "sha256-TNqOKLfWulUokHZC/j9EJ+RtBvhA1A2RhKfBeWshbT8=",
        "owner": "tzachar",
        "repo": "highlight-undo.nvim",
        "rev": "a5e2e2d43f6d131bf526619baeeeec32397b0789",
        "type": "github"
      },
      "original": {
        "owner": "tzachar",
        "repo": "highlight-undo.nvim",
        "type": "github"
      }
    },
    "hlargs-nvim": {
      "flake": false,
      "locked": {
        "lastModified": 1735928893,
        "narHash": "sha256-HIQrwlOP/iQoNpH7ETusb7PMaGKrkOrhHlNdQ+fYeCk=",
        "owner": "m-demare",
        "repo": "hlargs.nvim",
        "rev": "a5a7fdacc0ac2f7ca9d241e0e059cb85f0e733bc",
        "type": "github"
      },
      "original": {
        "owner": "m-demare",
        "repo": "hlargs.nvim",
        "type": "github"
      }
    },
    "inc-rename-nvim": {
      "flake": false,
      "locked": {
        "lastModified": 1737408744,
        "narHash": "sha256-7XaYG2UUzFuvtmRALftDv2xlmR4xHF/OjhoGTz0mnl4=",
        "owner": "smjonas",
        "repo": "inc-rename.nvim",
        "rev": "f9b9e5b9a75074810f40881b7e254b5bbeaf122e",
        "type": "github"
      },
      "original": {
        "owner": "smjonas",
        "repo": "inc-rename.nvim",
        "type": "github"
      }
    },
    "indent-blankline-nvim": {
      "flake": false,
      "locked": {
        "lastModified": 1737369467,
        "narHash": "sha256-0+boInVEzS2myYil/l+frs8PAa/2eJcVTyXnEk6TGvI=",
        "owner": "lukas-reineke",
        "repo": "indent-blankline.nvim",
        "rev": "e10626f7fcd51ccd56d7ffc00883ba7e0aa28f78",
        "type": "github"
      },
      "original": {
        "owner": "lukas-reineke",
        "repo": "indent-blankline.nvim",
        "type": "github"
      }
    },
    "lsp-status-nvim": {
      "flake": false,
      "locked": {
        "lastModified": 1659485921,
        "narHash": "sha256-gmLeVnDyL8Zf5ZG92tP3mb/LAt438BxFtAi/Xax2zLI=",
        "owner": "nvim-lua",
        "repo": "lsp-status.nvim",
        "rev": "54f48eb5017632d81d0fd40112065f1d062d0629",
        "type": "github"
      },
      "original": {
        "owner": "nvim-lua",
        "repo": "lsp-status.nvim",
        "type": "github"
      }
    },
    "lspkind-nvim": {
      "flake": false,
      "locked": {
        "lastModified": 1733408701,
        "narHash": "sha256-OCvKUBGuzwy8OWOL1x3Z3fo+0+GyBMI9TX41xSveqvE=",
        "owner": "onsails",
        "repo": "lspkind.nvim",
        "rev": "d79a1c3299ad0ef94e255d045bed9fa26025dab6",
        "type": "github"
      },
      "original": {
        "owner": "onsails",
        "repo": "lspkind.nvim",
        "type": "github"
      }
    },
    "lualine-lsp-progress": {
      "flake": false,
      "locked": {
        "lastModified": 1634947677,
        "narHash": "sha256-8HMtydFDzTxsuKvce+bIra9vZ9zHfEBHyR346W635b8=",
        "owner": "arkav",
        "repo": "lualine-lsp-progress",
        "rev": "56842d097245a08d77912edf5f2a69ba29f275d7",
        "type": "github"
      },
      "original": {
        "owner": "arkav",
        "repo": "lualine-lsp-progress",
        "type": "github"
      }
    },
    "lualine-nvim": {
      "flake": false,
      "locked": {
        "lastModified": 1738997087,
        "narHash": "sha256-uAxe3UdNUVfdpQcKvGvQ/E2blGksvMPlTBfEOtgeVYo=",
        "owner": "nvim-lualine",
        "repo": "lualine.nvim",
        "rev": "f4f791f67e70d378a754d02da068231d2352e5bc",
        "type": "github"
      },
      "original": {
        "owner": "nvim-lualine",
        "repo": "lualine.nvim",
        "type": "github"
      }
    },
    "luasnip": {
      "flake": false,
      "locked": {
        "lastModified": 1736009707,
        "narHash": "sha256-3ecm5SDTcSOh256xSQPHhddQfMpepiEIpv58fHXrVg0=",
        "owner": "L3MON4D3",
        "repo": "LuaSnip",
        "rev": "c9b9a22904c97d0eb69ccb9bab76037838326817",
        "type": "github"
      },
      "original": {
        "owner": "L3MON4D3",
        "repo": "LuaSnip",
        "type": "github"
      }
    },
    "luvit-meta": {
      "flake": false,
      "locked": {
        "lastModified": 1705776742,
        "narHash": "sha256-zAAptV/oLuLAAsa2zSB/6fxlElk4+jNZd/cPr9oxFig=",
        "owner": "Bilal2453",
        "repo": "luvit-meta",
        "rev": "ce76f6f6cdc9201523a5875a4471dcfe0186eb60",
        "type": "github"
      },
      "original": {
        "owner": "Bilal2453",
        "repo": "luvit-meta",
        "type": "github"
      }
    },
    "neotest": {
      "flake": false,
      "locked": {
        "lastModified": 1740494442,
        "narHash": "sha256-a42VdqpE/HP3w5tzZIKr7QTq0qJuoq7ddSHr6LwvJko=",
        "owner": "nvim-neotest",
        "repo": "neotest",
        "rev": "dddbe8fe358b05b2b7e54fe4faab50563171a76d",
        "type": "github"
      },
      "original": {
        "owner": "nvim-neotest",
        "repo": "neotest",
        "type": "github"
      }
    },
    "neotest-plenary": {
      "flake": false,
      "locked": {
        "lastModified": 1726413648,
        "narHash": "sha256-NQGGq1HiBmu/4OhkvNruUWw+OmzS8MQ8LL9dWwaw2oo=",
        "owner": "nvim-neotest",
        "repo": "neotest-plenary",
        "rev": "3523adcf9ffaad1911960c5813b0136c1b63a2ec",
        "type": "github"
      },
      "original": {
        "owner": "nvim-neotest",
        "repo": "neotest-plenary",
        "type": "github"
      }
    },
    "neotest-scala": {
      "flake": false,
      "locked": {
        "lastModified": 1665871139,
        "narHash": "sha256-engAlfkyvYC2FsKvN2TzsBbSpnikmShhxs6pWmpeKEY=",
        "owner": "stevanmilic",
        "repo": "neotest-scala",
        "rev": "685f0fac6196862b47025c6b91513af6a406501a",
        "type": "github"
      },
      "original": {
        "owner": "stevanmilic",
        "repo": "neotest-scala",
        "type": "github"
      }
    },
    "neovim-nightly": {
      "inputs": {
        "flake-compat": "flake-compat_2",
        "flake-parts": "flake-parts_2",
        "git-hooks": "git-hooks_2",
        "hercules-ci-effects": "hercules-ci-effects",
        "neovim-src": "neovim-src",
        "nixpkgs": "nixpkgs_2",
        "treefmt-nix": "treefmt-nix"
      },
      "locked": {
        "lastModified": 1740874225,
        "narHash": "sha256-sdBT6Njf1MDVnb4kLbGhCpXQ2P7E+50TRW1mIdujFEE=",
        "owner": "nix-community",
        "repo": "neovim-nightly-overlay",
        "rev": "ee3854351ae89ad79eb148d4253263aeaa936913",
        "type": "github"
      },
      "original": {
        "owner": "nix-community",
        "repo": "neovim-nightly-overlay",
        "type": "github"
      }
    },
    "neovim-src": {
      "flake": false,
      "locked": {
        "lastModified": 1740870130,
        "narHash": "sha256-nrKnJhmplq4QMcenY/bpD6SHOsiN3VS2toUtsO9NfII=",
        "owner": "neovim",
        "repo": "neovim",
        "rev": "13513835798c732554de277229d4c6744df11502",
        "type": "github"
      },
      "original": {
        "owner": "neovim",
        "repo": "neovim",
        "type": "github"
      }
    },
    "nixpkgs": {
      "locked": {
        "lastModified": 1718714799,
        "narHash": "sha256-FUZpz9rg3gL8NVPKbqU8ei1VkPLsTIfAJ2fdAf5qjak=",
        "owner": "nixos",
        "repo": "nixpkgs",
        "rev": "c00d587b1a1afbf200b1d8f0b0e4ba9deb1c7f0e",
        "type": "github"
      },
      "original": {
        "owner": "nixos",
        "ref": "nixos-unstable",
        "repo": "nixpkgs",
        "type": "github"
      }
    },
    "nixpkgs-lib": {
      "locked": {
        "lastModified": 1717284937,
        "narHash": "sha256-lIbdfCsf8LMFloheeE6N31+BMIeixqyQWbSr2vk79EQ=",
        "type": "tarball",
        "url": "https://github.com/NixOS/nixpkgs/archive/eb9ceca17df2ea50a250b6b27f7bf6ab0186f198.tar.gz"
      },
      "original": {
        "type": "tarball",
        "url": "https://github.com/NixOS/nixpkgs/archive/eb9ceca17df2ea50a250b6b27f7bf6ab0186f198.tar.gz"
      }
    },
    "nixpkgs-stable": {
      "locked": {
        "lastModified": 1720386169,
        "narHash": "sha256-NGKVY4PjzwAa4upkGtAMz1npHGoRzWotlSnVlqI40mo=",
        "owner": "NixOS",
        "repo": "nixpkgs",
        "rev": "194846768975b7ad2c4988bdb82572c00222c0d7",
        "type": "github"
      },
      "original": {
        "owner": "NixOS",
        "ref": "nixos-24.05",
        "repo": "nixpkgs",
        "type": "github"
      }
    },
    "nixpkgs_2": {
      "locked": {
        "lastModified": 1740791350,
        "narHash": "sha256-igS2Z4tVw5W/x3lCZeeadt0vcU9fxtetZ/RyrqsCRQ0=",
        "owner": "NixOS",
        "repo": "nixpkgs",
        "rev": "199169a2135e6b864a888e89a2ace345703c025d",
        "type": "github"
      },
      "original": {
        "owner": "NixOS",
        "ref": "nixpkgs-unstable",
        "repo": "nixpkgs",
        "type": "github"
      }
    },
    "nixpkgs_3": {
      "locked": {
        "lastModified": 1740828860,
        "narHash": "sha256-cjbHI+zUzK5CPsQZqMhE3npTyYFt9tJ3+ohcfaOF/WM=",
        "owner": "NixOS",
        "repo": "nixpkgs",
        "rev": "303bd8071377433a2d8f76e684ec773d70c5b642",
        "type": "github"
      },
      "original": {
        "owner": "NixOS",
        "ref": "nixos-unstable",
        "repo": "nixpkgs",
        "type": "github"
      }
    },
    "noice-nvim": {
      "flake": false,
      "locked": {
        "lastModified": 1739300525,
        "narHash": "sha256-0yu3JX7dXb9b+1REAVP+6K350OlYN6DBm8hEKgkQHgA=",
        "owner": "folke",
        "repo": "noice.nvim",
        "rev": "0427460c2d7f673ad60eb02b35f5e9926cf67c59",
        "type": "github"
      },
      "original": {
        "owner": "folke",
        "repo": "noice.nvim",
        "type": "github"
      }
    },
    "nui-nvim": {
      "flake": false,
      "locked": {
        "lastModified": 1733856815,
        "narHash": "sha256-6U7E/i5FuNXQy+sF4C5DVxuTPqNKD5wxUgFohpOjm9Q=",
        "owner": "MunifTanjim",
        "repo": "nui.nvim",
        "rev": "53e907ffe5eedebdca1cd503b00aa8692068ca46",
        "type": "github"
      },
      "original": {
        "owner": "MunifTanjim",
        "repo": "nui.nvim",
        "type": "github"
      }
    },
    "nvim-cmp": {
      "flake": false,
      "locked": {
        "lastModified": 1740790271,
        "narHash": "sha256-apIVfiETv9ZN1itKiuCXpDA+Pr7vn4Tjdkr2gaBN6Ew=",
        "owner": "hrsh7th",
        "repo": "nvim-cmp",
        "rev": "c27370703e798666486e3064b64d59eaf4bdc6d5",
        "type": "github"
      },
      "original": {
        "owner": "hrsh7th",
        "repo": "nvim-cmp",
        "type": "github"
      }
    },
    "nvim-context-vt": {
      "flake": false,
      "locked": {
        "lastModified": 1735842825,
        "narHash": "sha256-o0dQzs0noGjngdwvgCETSe3FzAJBhcUKA872kw5dFbg=",
        "owner": "andersevenrud",
        "repo": "nvim_context_vt",
        "rev": "10e13ec47a9bb341192d893e58cf91c61cde4935",
        "type": "github"
      },
      "original": {
        "owner": "andersevenrud",
        "repo": "nvim_context_vt",
        "type": "github"
      }
    },
    "nvim-jqx": {
      "flake": false,
      "locked": {
        "lastModified": 1717118597,
        "narHash": "sha256-2A1O7xSlsmG1LjwfqQxta9pdKlEu7Uj+yAVaVZolX2g=",
        "owner": "gennaro-tedesco",
        "repo": "nvim-jqx",
        "rev": "07393e80fa8097e82f9038fec05e948fe8a60fd1",
        "type": "github"
      },
      "original": {
        "owner": "gennaro-tedesco",
        "repo": "nvim-jqx",
        "type": "github"
      }
    },
    "nvim-lsp-notify": {
      "flake": false,
      "locked": {
        "lastModified": 1701949382,
        "narHash": "sha256-t93G/RbcG6wOJSp7xIaGCKb2a/800GFcN8f00wV6lcQ=",
        "owner": "mrded",
        "repo": "nvim-lsp-notify",
        "rev": "9541bdde0b84b7a33a24dbc2eccc3df33d4a0cdb",
        "type": "github"
      },
      "original": {
        "owner": "mrded",
        "repo": "nvim-lsp-notify",
        "type": "github"
      }
    },
    "nvim-lspconfig": {
      "flake": false,
      "locked": {
        "lastModified": 1740994661,
        "narHash": "sha256-H+EiLI1ih5YKhr8uefXeWEPNbH0srXXhuwTL5Sh8e1Y=",
        "owner": "neovim",
        "repo": "nvim-lspconfig",
        "rev": "919f83ef8169d11eabd921a4cbda4fc1ba12f123",
        "type": "github"
      },
      "original": {
        "owner": "neovim",
        "repo": "nvim-lspconfig",
        "type": "github"
      }
    },
    "nvim-metals": {
      "flake": false,
      "locked": {
        "lastModified": 1740648296,
        "narHash": "sha256-SFvyaspY4hguxqW5hCAM5QwNZJwFb0hzkClD7q9F1is=",
        "owner": "scalameta",
        "repo": "nvim-metals",
        "rev": "344b74b2109f3bd3771cb8dee5274dcd9042aab5",
        "type": "github"
      },
      "original": {
        "owner": "scalameta",
        "repo": "nvim-metals",
        "type": "github"
      }
    },
    "nvim-navic": {
      "flake": false,
      "locked": {
        "lastModified": 1701345631,
        "narHash": "sha256-0p5n/V8Jlj9XyxV/fuMwsbQ7oV5m9H2GqZZEA/njxCQ=",
        "owner": "SmiteshP",
        "repo": "nvim-navic",
        "rev": "8649f694d3e76ee10c19255dece6411c29206a54",
        "type": "github"
      },
      "original": {
        "owner": "SmiteshP",
        "repo": "nvim-navic",
        "type": "github"
      }
    },
    "nvim-nio": {
      "flake": false,
      "locked": {
        "lastModified": 1737405073,
        "narHash": "sha256-eDbzJAGdUBhTwuD0Nt9FihZj1MmVdQfn/GKIybuu5a8=",
        "owner": "nvim-neotest",
        "repo": "nvim-nio",
        "rev": "21f5324bfac14e22ba26553caf69ec76ae8a7662",
        "type": "github"
      },
      "original": {
        "owner": "nvim-neotest",
        "repo": "nvim-nio",
        "type": "github"
      }
    },
    "nvim-notify": {
      "flake": false,
      "locked": {
        "lastModified": 1737405174,
        "narHash": "sha256-6vNfc7E9DMXF0IBXJCLA8Rp+uOgbDch/Q7beW0ys3Vo=",
        "owner": "rcarriga",
        "repo": "nvim-notify",
        "rev": "22f29093eae7785773ee9d543f8750348b1a195c",
        "type": "github"
      },
      "original": {
        "owner": "rcarriga",
        "repo": "nvim-notify",
        "type": "github"
      }
    },
    "nvim-rooter-lua": {
      "flake": false,
      "locked": {
        "lastModified": 1732552422,
        "narHash": "sha256-5I0un0QVQsfQwSF+sLgtkDa7CoZc/FIr5sIbFKcI544=",
        "owner": "notjedi",
        "repo": "nvim-rooter.lua",
        "rev": "7689d05e8ab95acb4b24785253d913c0aae18be9",
        "type": "github"
      },
      "original": {
        "owner": "notjedi",
        "repo": "nvim-rooter.lua",
        "type": "github"
      }
    },
    "nvim-scissors": {
      "flake": false,
      "locked": {
        "lastModified": 1736681315,
        "narHash": "sha256-myCMr+9VUA+kFqoVeZsxoL6lHTM5j4oVY0Z3FvPwfmQ=",
        "owner": "chrisgrieser",
        "repo": "nvim-scissors",
        "rev": "12d9f282b67525bb766c6fe33317caf25a19c86a",
        "type": "github"
      },
      "original": {
        "owner": "chrisgrieser",
        "repo": "nvim-scissors",
        "type": "github"
      }
    },
    "nvim-spider": {
      "flake": false,
      "locked": {
        "lastModified": 1740915105,
        "narHash": "sha256-vpgCt0NSZs8Xr34IRL1nxZWIRGATxsEin4MSImWSzt0=",
        "owner": "chrisgrieser",
        "repo": "nvim-spider",
        "rev": "9b9a1cf88a10790de69d3b0562d7d612f23561d5",
        "type": "github"
      },
      "original": {
        "owner": "chrisgrieser",
        "repo": "nvim-spider",
        "type": "github"
      }
    },
    "nvim-surround": {
      "flake": false,
      "locked": {
        "lastModified": 1737228356,
        "narHash": "sha256-MPxryuFcDrSaeMlULpooNdOuhq0YUJP/5PJqoiN5M/c=",
        "owner": "kylechui",
        "repo": "nvim-surround",
        "rev": "ae298105122c87bbe0a36b1ad20b06d417c0433e",
        "type": "github"
      },
      "original": {
        "owner": "kylechui",
        "repo": "nvim-surround",
        "type": "github"
      }
    },
    "nvim-tree-lua": {
      "flake": false,
      "locked": {
        "lastModified": 1740787655,
        "narHash": "sha256-KSrY1K64yC6dPDd3DF15bVWs2N7B0BPS9enfmJgTzC4=",
        "owner": "nvim-tree",
        "repo": "nvim-tree.lua",
        "rev": "c09ff35de503a41fa62465c6b4ae72d96e7a7ce4",
        "type": "github"
      },
      "original": {
        "owner": "nvim-tree",
        "repo": "nvim-tree.lua",
        "type": "github"
      }
    },
    "nvim-treesitter": {
      "flake": false,
      "locked": {
        "lastModified": 1740991486,
        "narHash": "sha256-q7YZC9/XlTfm8nHFQaPHm5WW3M8REsEK9yHWz884MwA=",
        "owner": "nvim-treesitter",
        "repo": "nvim-treesitter",
        "rev": "1adcd5711929e44d1bc9e59fbf7d94656cf6d389",
        "type": "github"
      },
      "original": {
        "owner": "nvim-treesitter",
        "repo": "nvim-treesitter",
        "type": "github"
      }
    },
    "nvim-unception": {
      "flake": false,
      "locked": {
        "lastModified": 1707205483,
        "narHash": "sha256-fjfdRT2OpdWHVNBCNdkjGYzSivM52g3TYUW9/VZ5r5g=",
        "owner": "samjwill",
        "repo": "nvim-unception",
        "rev": "a0af21a27e2ba19ce6004d57d34006d18bc6bad4",
        "type": "github"
      },
      "original": {
        "owner": "samjwill",
        "repo": "nvim-unception",
        "type": "github"
      }
    },
    "nvim-web-devicons": {
      "flake": false,
      "locked": {
        "lastModified": 1740949470,
        "narHash": "sha256-DcaVG/UBMwiU7QPNoGTjvxCi4gszd36FIC0OEvj6H0M=",
        "owner": "nvim-tree",
        "repo": "nvim-web-devicons",
        "rev": "ab4cfee554e501f497bce0856788d43cf2eb93d7",
        "type": "github"
      },
      "original": {
        "owner": "nvim-tree",
        "repo": "nvim-web-devicons",
        "type": "github"
      }
    },
    "nvim_context_vt": {
      "flake": false,
      "locked": {
        "lastModified": 1735842825,
        "narHash": "sha256-o0dQzs0noGjngdwvgCETSe3FzAJBhcUKA872kw5dFbg=",
        "owner": "andersevenrud",
        "repo": "nvim_context_vt",
        "rev": "10e13ec47a9bb341192d893e58cf91c61cde4935",
        "type": "github"
      },
      "original": {
        "owner": "andersevenrud",
        "repo": "nvim_context_vt",
        "type": "github"
      }
    },
    "onenord-nvim": {
      "flake": false,
      "locked": {
        "lastModified": 1735926245,
        "narHash": "sha256-nuO7YJmnY6s6/Q51br8lI0lMLWDa3ORcWl/xnDgslWM=",
        "owner": "rmehri01",
        "repo": "onenord.nvim",
        "rev": "af734ccc21847ce56830eed1f593ef320ffa27ff",
        "type": "github"
      },
      "original": {
        "owner": "rmehri01",
        "repo": "onenord.nvim",
        "type": "github"
      }
    },
    "plenary-nvim": {
      "flake": false,
      "locked": {
        "lastModified": 1739311008,
        "narHash": "sha256-8FV5RjF7QbDmQOQynpK7uRKONKbPRYbOPugf9ZxNvUs=",
        "owner": "nvim-lua",
        "repo": "plenary.nvim",
        "rev": "857c5ac632080dba10aae49dba902ce3abf91b35",
        "type": "github"
      },
      "original": {
        "owner": "nvim-lua",
        "repo": "plenary.nvim",
        "type": "github"
      }
    },
    "root": {
      "inputs": {
        "actions-preview-nvim": "actions-preview-nvim",
        "autoclose-nvim": "autoclose-nvim",
        "cmp-luasnip": "cmp-luasnip",
        "cmp-nvim-lsp": "cmp-nvim-lsp",
        "conform-nvim": "conform-nvim",
        "diagflow-nvim": "diagflow-nvim",
        "eagle-nvim": "eagle-nvim",
        "easypick-nvim": "easypick-nvim",
        "evergarden": "evergarden",
        "fidget-nvim": "fidget-nvim",
        "flake-utils": "flake-utils",
        "gen-luarc": "gen-luarc",
        "gitsigns-nvim": "gitsigns-nvim",
        "highlight-undo-nvim": "highlight-undo-nvim",
        "hlargs-nvim": "hlargs-nvim",
        "inc-rename-nvim": "inc-rename-nvim",
        "indent-blankline-nvim": "indent-blankline-nvim",
        "lsp-status-nvim": "lsp-status-nvim",
        "lspkind-nvim": "lspkind-nvim",
        "lualine-lsp-progress": "lualine-lsp-progress",
        "lualine-nvim": "lualine-nvim",
        "luasnip": "luasnip",
        "neotest": "neotest",
        "neotest-plenary": "neotest-plenary",
        "neotest-scala": "neotest-scala",
        "neovim-nightly": "neovim-nightly",
        "nixpkgs": "nixpkgs_3",
        "noice-nvim": "noice-nvim",
        "nui-nvim": "nui-nvim",
        "nvim-cmp": "nvim-cmp",
        "nvim-context-vt": "nvim-context-vt",
        "nvim-jqx": "nvim-jqx",
        "nvim-lsp-notify": "nvim-lsp-notify",
        "nvim-lspconfig": "nvim-lspconfig",
        "nvim-metals": "nvim-metals",
        "nvim-navic": "nvim-navic",
        "nvim-nio": "nvim-nio",
        "nvim-notify": "nvim-notify",
        "nvim-rooter-lua": "nvim-rooter-lua",
        "nvim-scissors": "nvim-scissors",
        "nvim-spider": "nvim-spider",
        "nvim-surround": "nvim-surround",
        "nvim-tree-lua": "nvim-tree-lua",
        "nvim-treesitter": "nvim-treesitter",
        "nvim-unception": "nvim-unception",
        "nvim-web-devicons": "nvim-web-devicons",
        "nvim_context_vt": "nvim_context_vt",
        "onenord-nvim": "onenord-nvim",
        "plenary-nvim": "plenary-nvim",
        "rustaceanvim": "rustaceanvim",
        "scrollbar-nvim": "scrollbar-nvim",
        "search-nvim": "search-nvim",
        "substitute-nvim": "substitute-nvim",
        "telescope-glyph-nvim": "telescope-glyph-nvim",
        "telescope-hoogle-nvim": "telescope-hoogle-nvim",
        "telescope-lsp-handlers-nvim": "telescope-lsp-handlers-nvim",
        "telescope-media-files-nvim": "telescope-media-files-nvim",
        "telescope-nvim": "telescope-nvim",
        "telescope-rooter-nvim": "telescope-rooter-nvim",
        "telescope-symbols-nvim": "telescope-symbols-nvim",
        "telescope-ui-select-nvim": "telescope-ui-select-nvim",
        "telescope-undo-nvim": "telescope-undo-nvim",
        "tidy-nvim": "tidy-nvim",
        "trouble-nvim": "trouble-nvim",
        "undotree": "undotree",
        "unicode-vim": "unicode-vim",
        "vim-cabalfmt": "vim-cabalfmt",
        "vim-illuminate": "vim-illuminate",
        "vim-rooter": "vim-rooter",
        "vim-scala": "vim-scala",
        "yankbank-nvim": "yankbank-nvim"
      }
    },
    "rustaceanvim": {
      "flake": false,
      "locked": {
        "lastModified": 1740875097,
        "narHash": "sha256-w7UhB7JwdKxToR4bBtPdOcwxFkeEmawYpOMRK2L/M5k=",
        "owner": "mrcjkb",
        "repo": "rustaceanvim",
        "rev": "e1fc387743e78d5814bae58f203557e5ed9a8a4b",
        "type": "github"
      },
      "original": {
        "owner": "mrcjkb",
        "repo": "rustaceanvim",
        "type": "github"
      }
    },
    "scrollbar-nvim": {
      "flake": false,
      "locked": {
        "lastModified": 1737519490,
        "narHash": "sha256-wv63Ggo+Ky31QfN1aXEHLJVYPugD/i+fKjkDtGBZhSI=",
        "owner": "Xuyuanp",
        "repo": "scrollbar.nvim",
        "rev": "3f0d4170db4c4e148c2796f9cdd211970432fec4",
        "type": "github"
      },
      "original": {
        "owner": "Xuyuanp",
        "repo": "scrollbar.nvim",
        "type": "github"
      }
    },
    "search-nvim": {
      "flake": false,
      "locked": {
        "lastModified": 1716295855,
        "narHash": "sha256-88rMEtHTk5jEQ00YleSr8x32Q3m0VFZdxSE2vQ+f0rM=",
        "owner": "FabianWirth",
        "repo": "search.nvim",
        "rev": "7b8f2315d031be73e14bc2d82386dfac15952614",
        "type": "github"
      },
      "original": {
        "owner": "FabianWirth",
        "repo": "search.nvim",
        "type": "github"
      }
    },
    "substitute-nvim": {
      "flake": false,
      "locked": {
        "lastModified": 1720243128,
        "narHash": "sha256-JFWkkOjUaKmyQF1agh5NzIqdukFZNnROVkXxCocX7wQ=",
        "owner": "gbprod",
        "repo": "substitute.nvim",
        "rev": "97f49d16f8eea7967d41db4f657dd63af53eeba1",
        "type": "github"
      },
      "original": {
        "owner": "gbprod",
        "repo": "substitute.nvim",
        "type": "github"
      }
    },
    "systems": {
      "locked": {
        "lastModified": 1681028828,
        "narHash": "sha256-Vy1rq5AaRuLzOxct8nz4T6wlgyUR7zLU309k9mBC768=",
        "owner": "nix-systems",
        "repo": "default",
        "rev": "da67096a3b9bf56a91d16901293e51ba5b49a27e",
        "type": "github"
      },
      "original": {
        "owner": "nix-systems",
        "repo": "default",
        "type": "github"
      }
    },
    "telescope-glyph-nvim": {
      "flake": false,
      "locked": {
        "lastModified": 1661143906,
        "narHash": "sha256-6H4afMXtaZn066oBq3z8vvR7WH7WhqZkvziyOXlsNVg=",
        "owner": "ghassan0",
        "repo": "telescope-glyph.nvim",
        "rev": "f63f01e129e71cc25b79637610674bbf0be5ce9d",
        "type": "github"
      },
      "original": {
        "owner": "ghassan0",
        "repo": "telescope-glyph.nvim",
        "type": "github"
      }
    },
    "telescope-hoogle-nvim": {
      "flake": false,
      "locked": {
        "lastModified": 1659904786,
        "narHash": "sha256-7flswhLGPqLhnJY+O1Z7LKwBTGZhllqmACRdxDoMHgk=",
        "owner": "psiska",
        "repo": "telescope-hoogle.nvim",
        "rev": "e138b719bbf29935108eb602f179daa18f0d938b",
        "type": "github"
      },
      "original": {
        "owner": "psiska",
        "repo": "telescope-hoogle.nvim",
        "type": "github"
      }
    },
    "telescope-lsp-handlers-nvim": {
      "flake": false,
      "locked": {
        "lastModified": 1677955671,
        "narHash": "sha256-AgwzHr2UmwwqzlXlmQPLxdf6+EX6frvA2FJ/aJKSN3w=",
        "owner": "gbrlsnchs",
        "repo": "telescope-lsp-handlers.nvim",
        "rev": "de02085d6af1633942549a238bc7a5524fa9b201",
        "type": "github"
      },
      "original": {
        "owner": "gbrlsnchs",
        "repo": "telescope-lsp-handlers.nvim",
        "type": "github"
      }
    },
    "telescope-media-files-nvim": {
      "flake": false,
      "locked": {
        "lastModified": 1676798033,
        "narHash": "sha256-+mIQVIoreE+goSBtMucgiEPldI01JDRdCKWH/6mzey8=",
        "owner": "nvim-telescope",
        "repo": "telescope-media-files.nvim",
        "rev": "0826c7a730bc4d36068f7c85cf4c5b3fd9fb570a",
        "type": "github"
      },
      "original": {
        "owner": "nvim-telescope",
        "repo": "telescope-media-files.nvim",
        "type": "github"
      }
    },
    "telescope-nvim": {
      "flake": false,
      "locked": {
        "lastModified": 1740415224,
        "narHash": "sha256-Di0UIBXcnReT+6BaCdzTTg2j7oGzzXw6KfS4VbrBelE=",
        "owner": "nvim-telescope",
        "repo": "telescope.nvim",
        "rev": "814f102cd1da3dc78c7d2f20f2ef3ed3cdf0e6e4",
        "type": "github"
      },
      "original": {
        "owner": "nvim-telescope",
        "repo": "telescope.nvim",
        "type": "github"
      }
    },
    "telescope-rooter-nvim": {
      "flake": false,
      "locked": {
        "lastModified": 1716039029,
        "narHash": "sha256-nnbzjtWOBqvyboMlUCwzbgBPo9cCgfNZTU742UYiewc=",
        "owner": "desdic",
        "repo": "telescope-rooter.nvim",
        "rev": "9154954d1e075b61e88d3b181edeeae635f82bca",
        "type": "github"
      },
      "original": {
        "owner": "desdic",
        "repo": "telescope-rooter.nvim",
        "type": "github"
      }
    },
    "telescope-symbols-nvim": {
      "flake": false,
      "locked": {
        "lastModified": 1700844890,
        "narHash": "sha256-zYON9z3ELwjfqZ11LD6E7M+bymuBHxrSjYXhsCPEwR8=",
        "owner": "nvim-telescope",
        "repo": "telescope-symbols.nvim",
        "rev": "a6d0127a53d39b9fc2af75bd169d288166118aec",
        "type": "github"
      },
      "original": {
        "owner": "nvim-telescope",
        "repo": "telescope-symbols.nvim",
        "type": "github"
      }
    },
    "telescope-ui-select-nvim": {
      "flake": false,
      "locked": {
        "lastModified": 1701723223,
        "narHash": "sha256-YRhNmmG4gx9Ht8JwjQfbTjJyTHEuZmtP6lqnhOsk8bE=",
        "owner": "nvim-telescope",
        "repo": "telescope-ui-select.nvim",
        "rev": "6e51d7da30bd139a6950adf2a47fda6df9fa06d2",
        "type": "github"
      },
      "original": {
        "owner": "nvim-telescope",
        "repo": "telescope-ui-select.nvim",
        "type": "github"
      }
    },
    "telescope-undo-nvim": {
      "flake": false,
      "locked": {
        "lastModified": 1738336431,
        "narHash": "sha256-KKCBr5l6U2OoJ/rVkMP7pVeO5M6phx2MOrxc5yIn6L4=",
        "owner": "debugloop",
        "repo": "telescope-undo.nvim",
        "rev": "928d0c2dc9606e01e2cc547196f48d2eaecf58e5",
        "type": "github"
      },
      "original": {
        "owner": "debugloop",
        "repo": "telescope-undo.nvim",
        "type": "github"
      }
    },
    "tidy-nvim": {
      "flake": false,
      "locked": {
        "lastModified": 1738451091,
        "narHash": "sha256-mr6tgetGQOXCVj81545C4YHYlQW12+EzTr1LXPePbn8=",
        "owner": "mcauley-penney",
        "repo": "tidy.nvim",
        "rev": "c3b95bb695887d86ce8712f56e1972f94f29e500",
        "type": "github"
      },
      "original": {
        "owner": "mcauley-penney",
        "repo": "tidy.nvim",
        "type": "github"
      }
    },
    "treefmt-nix": {
      "inputs": {
        "nixpkgs": [
          "neovim-nightly",
          "nixpkgs"
        ]
      },
      "locked": {
        "lastModified": 1739829690,
        "narHash": "sha256-mL1szCeIsjh6Khn3nH2cYtwO5YXG6gBiTw1A30iGeDU=",
        "owner": "numtide",
        "repo": "treefmt-nix",
        "rev": "3d0579f5cc93436052d94b73925b48973a104204",
        "type": "github"
      },
      "original": {
        "owner": "numtide",
        "repo": "treefmt-nix",
        "type": "github"
      }
    },
    "trouble-nvim": {
      "flake": false,
      "locked": {
        "lastModified": 1739392872,
        "narHash": "sha256-au9wp88a0CutEf2f8Bi0vFTUR0zvQKgFX1vMVg4myGI=",
        "owner": "folke",
        "repo": "trouble.nvim",
        "rev": "85bedb7eb7fa331a2ccbecb9202d8abba64d37b3",
        "type": "github"
      },
      "original": {
        "owner": "folke",
        "repo": "trouble.nvim",
        "type": "github"
      }
    },
    "undotree": {
      "flake": false,
      "locked": {
        "lastModified": 1735763701,
        "narHash": "sha256-0DnRarEuDPdYo+zkwH47jG4B4fGjvL1LxqEoFQ7vpjE=",
        "owner": "mbbill",
        "repo": "undotree",
        "rev": "2556c6800b210b2096b55b66e74b4cc1d9ebbe4f",
        "type": "github"
      },
      "original": {
        "owner": "mbbill",
        "repo": "undotree",
        "type": "github"
      }
    },
    "unicode-vim": {
      "flake": false,
      "locked": {
        "lastModified": 1738423303,
        "narHash": "sha256-CHwiuz/J1G4TZklbFgGuIFwsw2J3cL0uHMT9/gtVgCs=",
        "owner": "chrisbra",
        "repo": "unicode.vim",
        "rev": "a78a0c7d27f87c2cd9c1d8609330edfaf69f2d4d",
        "type": "github"
      },
      "original": {
        "owner": "chrisbra",
        "repo": "unicode.vim",
        "type": "github"
      }
    },
    "vim-cabalfmt": {
      "flake": false,
      "locked": {
        "lastModified": 1593513422,
        "narHash": "sha256-PqgV85aPJLbYf165IhLUwr9R0dzhW6YX7vNULNKOPUM=",
        "owner": "sdiehl",
        "repo": "vim-cabalfmt",
        "rev": "90f544ee637ee16f5acad01f4d7952734c7baed0",
        "type": "github"
      },
      "original": {
        "owner": "sdiehl",
        "repo": "vim-cabalfmt",
        "type": "github"
      }
    },
    "vim-illuminate": {
      "flake": false,
      "locked": {
        "lastModified": 1740540215,
        "narHash": "sha256-jSny+5RHgxcsoxWwIaFUZ022dk3mDRKZ7dibvE6I2fE=",
        "owner": "RRethy",
        "repo": "vim-illuminate",
        "rev": "19cb21f513fc2b02f0c66be70107741e837516a1",
        "type": "github"
      },
      "original": {
        "owner": "RRethy",
        "repo": "vim-illuminate",
        "type": "github"
      }
    },
    "vim-rooter": {
      "flake": false,
      "locked": {
        "lastModified": 1623158305,
        "narHash": "sha256-U61jNnJ97mnZ09k2TO5vYolyfwWeQ1XjeR5zHNWvoX8=",
        "owner": "edvmorango",
        "repo": "vim-rooter",
        "rev": "9a5ce8edc67cca36cc530ee27a805112ce7a7e9b",
        "type": "github"
      },
      "original": {
        "owner": "edvmorango",
        "repo": "vim-rooter",
        "type": "github"
      }
    },
    "vim-scala": {
      "flake": false,
      "locked": {
        "lastModified": 1641291049,
        "narHash": "sha256-lUj+6DGyCvWyu/fIz15saQoIWkG/w6HAmjCG7VmVOvk=",
        "owner": "gvolpe",
        "repo": "vim-scala",
        "rev": "7379894b48df6b677788a75b8f04632e717102a8",
        "type": "github"
      },
      "original": {
        "owner": "gvolpe",
        "repo": "vim-scala",
        "type": "github"
      }
    },
    "yankbank-nvim": {
      "flake": false,
      "locked": {
        "lastModified": 1730120355,
        "narHash": "sha256-gl4CMBDNcPZCfO8TUzqy8VtAWantsV54ayHlGrhMsj8=",
        "owner": "ptdewey",
        "repo": "yankbank-nvim",
        "rev": "ded8f01bd6a7887310e14d463c8aa55eb79ec281",
        "type": "github"
      },
      "original": {
        "owner": "ptdewey",
        "repo": "yankbank-nvim",
        "type": "github"
      }
    }
  },
  "root": "root",
  "version": 7
}
