{
  "nodes": {
    "actions-preview-nvim": {
      "flake": false,
      "locked": {
        "lastModified": 1745779150,
        "narHash": "sha256-rQjwlu5gQcOvxF72lr9ugPRl0W78wCWGWPhpN1oOMbs=",
        "owner": "aznhe21",
        "repo": "actions-preview.nvim",
        "rev": "36513ad213855d497b7dd3391a24d1d75d58e36f",
        "type": "github"
      },
      "original": {
        "owner": "aznhe21",
        "repo": "actions-preview.nvim",
        "type": "github"
      }
    },
    "autoclose-nvim": {
      "flake": false,
      "locked": {
        "lastModified": 1721556834,
        "narHash": "sha256-mIInxvk4CQ6gXVTPyGNTFHpmtCYb8J5U+99+NyyPSmM=",
        "owner": "m4xshen",
        "repo": "autoclose.nvim",
        "rev": "b2077aa2c83df7ebc19b2a20a3a0654b24ae9c8f",
        "type": "github"
      },
      "original": {
        "owner": "m4xshen",
        "repo": "autoclose.nvim",
        "type": "github"
      }
    },
    "blink-cmp": {
      "inputs": {
        "fenix": "fenix",
        "flake-parts": "flake-parts",
        "nixpkgs": "nixpkgs"
      },
      "locked": {
        "lastModified": 1750198914,
        "narHash": "sha256-eUKDfGX+XSWMfBy+Qi5bpBTOKjFtD2+uRA8cq3ZeLwk=",
        "owner": "Saghen",
        "repo": "blink.cmp",
        "rev": "04b8325bfa97f99eb3aedde53c77af663746ceb5",
        "type": "github"
      },
      "original": {
        "owner": "Saghen",
        "repo": "blink.cmp",
        "type": "github"
      }
    },
    "charleston-nvim": {
      "flake": false,
      "locked": {
        "lastModified": 1748090368,
        "narHash": "sha256-AD8hgeoWpns5Mgj7gkO2cQr/025aa+853UHJAlxj/0c=",
        "owner": "RomanAverin",
        "repo": "charleston.nvim",
        "rev": "39fa6a98c9856ca89bbac36f2823935f05afcfa9",
        "type": "github"
      },
      "original": {
        "owner": "RomanAverin",
        "repo": "charleston.nvim",
        "type": "github"
      }
    },
    "cmp-luasnip": {
      "flake": false,
      "locked": {
        "lastModified": 1730707109,
        "narHash": "sha256-86lKQPPyqFz8jzuLajjHMKHrYnwW6+QOcPyQEx6B+gw=",
        "owner": "saadparwaiz1",
        "repo": "cmp_luasnip",
        "rev": "98d9cb5c2c38532bd9bdb481067b20fea8f32e90",
        "type": "github"
      },
      "original": {
        "owner": "saadparwaiz1",
        "repo": "cmp_luasnip",
        "type": "github"
      }
    },
    "cmp-nvim-lsp": {
      "flake": false,
      "locked": {
        "lastModified": 1743496195,
        "narHash": "sha256-iaihXNCF5bB5MdeoosD/kc3QtpA/QaIDZVLiLIurBSM=",
        "owner": "hrsh7th",
        "repo": "cmp-nvim-lsp",
        "rev": "a8912b88ce488f411177fc8aed358b04dc246d7b",
        "type": "github"
      },
      "original": {
        "owner": "hrsh7th",
        "repo": "cmp-nvim-lsp",
        "type": "github"
      }
    },
    "conform-nvim": {
      "flake": false,
      "locked": {
        "lastModified": 1749498876,
        "narHash": "sha256-n1IPUNwD14WlDU4zbgfJuhXQcVMt8oc4wCuUJBPJ+y4=",
        "owner": "stevearc",
        "repo": "conform.nvim",
        "rev": "8132ec733eed3bf415b97b76797ca41b59f51d7d",
        "type": "github"
      },
      "original": {
        "owner": "stevearc",
        "repo": "conform.nvim",
        "type": "github"
      }
    },
    "diagflow-nvim": {
      "flake": false,
      "locked": {
        "lastModified": 1741108806,
        "narHash": "sha256-gJlM0diDmyvmW5l/QIpUe2bDTZg8XekLBcFOoxeUW4E=",
        "owner": "dgagn",
        "repo": "diagflow.nvim",
        "rev": "b13321b517ff64bf42eeac2214085d3c76d83a0d",
        "type": "github"
      },
      "original": {
        "owner": "dgagn",
        "repo": "diagflow.nvim",
        "type": "github"
      }
    },
    "eagle-nvim": {
      "flake": false,
      "locked": {
        "lastModified": 1746749394,
        "narHash": "sha256-u5Krlo8S4cH6JdBZzRGT4b7EkUUXmu3FihxYR1m9lwA=",
        "owner": "soulis-1256",
        "repo": "eagle.nvim",
        "rev": "dd1a28c4d8626fbe85580b0a9ed8f88d77a26da1",
        "type": "github"
      },
      "original": {
        "owner": "soulis-1256",
        "repo": "eagle.nvim",
        "type": "github"
      }
    },
    "easypick-nvim": {
      "flake": false,
      "locked": {
        "lastModified": 1745649351,
        "narHash": "sha256-gIx5yOwqPyg6hySiJPf1dtt250qFDBVa8pkjpncf0V8=",
        "owner": "axkirillov",
        "repo": "easypick.nvim",
        "rev": "e623b38a0d8fb96446dd8dd3f38ccb545e1810a8",
        "type": "github"
      },
      "original": {
        "owner": "axkirillov",
        "repo": "easypick.nvim",
        "type": "github"
      }
    },
    "evergarden": {
      "flake": false,
      "locked": {
        "lastModified": 1750172381,
        "narHash": "sha256-m8W+WcuA94zSZTRihVRbFkZKJcQrrhJgvCD7Z9EDfsA=",
        "owner": "comfysage",
        "repo": "evergarden",
        "rev": "f8bda159eb756bd615d250aae819459b55b30399",
        "type": "github"
      },
      "original": {
        "owner": "comfysage",
        "repo": "evergarden",
        "type": "github"
      }
    },
    "fenix": {
      "inputs": {
        "nixpkgs": [
          "blink-cmp",
          "nixpkgs"
        ],
        "rust-analyzer-src": "rust-analyzer-src"
      },
      "locked": {
        "lastModified": 1747032090,
        "narHash": "sha256-htgrHIR/P7V8WeRW/XDWJHXBzbTSWCDYZHsxPAzDuUY=",
        "owner": "nix-community",
        "repo": "fenix",
        "rev": "1436bb8b85b35ca3ba64ad97df31a3b23c7610a3",
        "type": "github"
      },
      "original": {
        "owner": "nix-community",
        "repo": "fenix",
        "type": "github"
      }
    },
    "fidget-nvim": {
      "flake": false,
      "locked": {
        "lastModified": 1738817426,
        "narHash": "sha256-AFUx/ZQVWV7s5Wlppjk6N9QXoJKNKqxtf990FFlTEhw=",
        "owner": "j-hui",
        "repo": "fidget.nvim",
        "rev": "d9ba6b7bfe29b3119a610892af67602641da778e",
        "type": "github"
      },
      "original": {
        "owner": "j-hui",
        "repo": "fidget.nvim",
        "type": "github"
      }
    },
    "flake-compat": {
      "flake": false,
      "locked": {
        "lastModified": 1696426674,
        "narHash": "sha256-kvjfFW7WAETZlt09AgDn1MrtKzP7t90Vf7vypd3OL1U=",
        "owner": "edolstra",
        "repo": "flake-compat",
        "rev": "0f9255e01c2351cc7d116c072cb317785dd33b33",
        "type": "github"
      },
      "original": {
        "owner": "edolstra",
        "repo": "flake-compat",
        "type": "github"
      }
    },
    "flake-compat_2": {
      "flake": false,
      "locked": {
        "lastModified": 1747046372,
        "narHash": "sha256-CIVLLkVgvHYbgI2UpXvIIBJ12HWgX+fjA8Xf8PUmqCY=",
        "owner": "edolstra",
        "repo": "flake-compat",
        "rev": "9100a0f413b0c601e0533d1d94ffd501ce2e7885",
        "type": "github"
      },
      "original": {
        "owner": "edolstra",
        "repo": "flake-compat",
        "type": "github"
      }
    },
    "flake-compat_3": {
      "flake": false,
      "locked": {
        "lastModified": 1696426674,
        "narHash": "sha256-kvjfFW7WAETZlt09AgDn1MrtKzP7t90Vf7vypd3OL1U=",
        "owner": "edolstra",
        "repo": "flake-compat",
        "rev": "0f9255e01c2351cc7d116c072cb317785dd33b33",
        "type": "github"
      },
      "original": {
        "owner": "edolstra",
        "repo": "flake-compat",
        "type": "github"
      }
    },
    "flake-parts": {
      "inputs": {
        "nixpkgs-lib": "nixpkgs-lib"
      },
      "locked": {
        "lastModified": 1733312601,
        "narHash": "sha256-4pDvzqnegAfRkPwO3wmwBhVi/Sye1mzps0zHWYnP88c=",
        "owner": "hercules-ci",
        "repo": "flake-parts",
        "rev": "205b12d8b7cd4802fbcb8e8ef6a0f1408781a4f9",
        "type": "github"
      },
      "original": {
        "owner": "hercules-ci",
        "repo": "flake-parts",
        "type": "github"
      }
    },
    "flake-parts_2": {
      "inputs": {
        "nixpkgs-lib": "nixpkgs-lib_2"
      },
      "locked": {
        "lastModified": 1717285511,
        "narHash": "sha256-iKzJcpdXih14qYVcZ9QC9XuZYnPc6T8YImb6dX166kw=",
        "owner": "hercules-ci",
        "repo": "flake-parts",
        "rev": "2a55567fcf15b1b1c7ed712a2c6fadaec7412ea8",
        "type": "github"
      },
      "original": {
        "owner": "hercules-ci",
        "repo": "flake-parts",
        "type": "github"
      }
    },
    "flake-parts_3": {
      "inputs": {
        "nixpkgs-lib": [
          "neovim-nightly",
          "nixpkgs"
        ]
      },
      "locked": {
        "lastModified": 1749398372,
        "narHash": "sha256-tYBdgS56eXYaWVW3fsnPQ/nFlgWi/Z2Ymhyu21zVM98=",
        "owner": "hercules-ci",
        "repo": "flake-parts",
        "rev": "9305fe4e5c2a6fcf5ba6a3ff155720fbe4076569",
        "type": "github"
      },
      "original": {
        "owner": "hercules-ci",
        "repo": "flake-parts",
        "type": "github"
      }
    },
    "flake-parts_4": {
      "inputs": {
        "nixpkgs-lib": [
          "neovim-nightly",
          "hercules-ci-effects",
          "nixpkgs"
        ]
      },
      "locked": {
        "lastModified": 1743550720,
        "narHash": "sha256-hIshGgKZCgWh6AYJpJmRgFdR3WUbkY04o82X05xqQiY=",
        "owner": "hercules-ci",
        "repo": "flake-parts",
        "rev": "c621e8422220273271f52058f618c94e405bb0f5",
        "type": "github"
      },
      "original": {
        "id": "flake-parts",
        "type": "indirect"
      }
    },
    "flake-utils": {
      "inputs": {
        "systems": "systems"
      },
      "locked": {
        "lastModified": 1731533236,
        "narHash": "sha256-l0KFg5HjrsfsO/JpG+r7fRrqm12kzFHyUHqHCVpMMbI=",
        "owner": "numtide",
        "repo": "flake-utils",
        "rev": "11707dc2f618dd54ca8739b309ec4fc024de578b",
        "type": "github"
      },
      "original": {
        "owner": "numtide",
        "repo": "flake-utils",
        "type": "github"
      }
    },
    "gen-luarc": {
      "inputs": {
        "flake-parts": "flake-parts_2",
        "git-hooks": "git-hooks",
        "luvit-meta": "luvit-meta",
        "nixpkgs": "nixpkgs_2"
      },
      "locked": {
        "lastModified": 1724097937,
        "narHash": "sha256-Q4tgm8ZHAQUdvsNft86MqIbHQAm7OF7RT/wwYWXqSdY=",
        "owner": "mrcjkb",
        "repo": "nix-gen-luarc-json",
        "rev": "b36b69c4ded9f31b079523bc452e23458734cf00",
        "type": "github"
      },
      "original": {
        "owner": "mrcjkb",
        "repo": "nix-gen-luarc-json",
        "type": "github"
      }
    },
    "git-hooks": {
      "inputs": {
        "flake-compat": "flake-compat",
        "gitignore": "gitignore",
        "nixpkgs": [
          "gen-luarc",
          "nixpkgs"
        ],
        "nixpkgs-stable": "nixpkgs-stable"
      },
      "locked": {
        "lastModified": 1723803910,
        "narHash": "sha256-yezvUuFiEnCFbGuwj/bQcqg7RykIEqudOy/RBrId0pc=",
        "owner": "cachix",
        "repo": "git-hooks.nix",
        "rev": "bfef0ada09e2c8ac55bbcd0831bd0c9d42e651ba",
        "type": "github"
      },
      "original": {
        "owner": "cachix",
        "repo": "git-hooks.nix",
        "type": "github"
      }
    },
    "git-hooks_2": {
      "inputs": {
        "flake-compat": "flake-compat_3",
        "gitignore": "gitignore_2",
        "nixpkgs": [
          "neovim-nightly",
          "nixpkgs"
        ]
      },
      "locked": {
        "lastModified": 1749636823,
        "narHash": "sha256-WUaIlOlPLyPgz9be7fqWJA5iG6rHcGRtLERSCfUDne4=",
        "owner": "cachix",
        "repo": "git-hooks.nix",
        "rev": "623c56286de5a3193aa38891a6991b28f9bab056",
        "type": "github"
      },
      "original": {
        "owner": "cachix",
        "repo": "git-hooks.nix",
        "type": "github"
      }
    },
    "gitignore": {
      "inputs": {
        "nixpkgs": [
          "gen-luarc",
          "git-hooks",
          "nixpkgs"
        ]
      },
      "locked": {
        "lastModified": 1709087332,
        "narHash": "sha256-HG2cCnktfHsKV0s4XW83gU3F57gaTljL9KNSuG6bnQs=",
        "owner": "hercules-ci",
        "repo": "gitignore.nix",
        "rev": "637db329424fd7e46cf4185293b9cc8c88c95394",
        "type": "github"
      },
      "original": {
        "owner": "hercules-ci",
        "repo": "gitignore.nix",
        "type": "github"
      }
    },
    "gitignore_2": {
      "inputs": {
        "nixpkgs": [
          "neovim-nightly",
          "git-hooks",
          "nixpkgs"
        ]
      },
      "locked": {
        "lastModified": 1709087332,
        "narHash": "sha256-HG2cCnktfHsKV0s4XW83gU3F57gaTljL9KNSuG6bnQs=",
        "owner": "hercules-ci",
        "repo": "gitignore.nix",
        "rev": "637db329424fd7e46cf4185293b9cc8c88c95394",
        "type": "github"
      },
      "original": {
        "owner": "hercules-ci",
        "repo": "gitignore.nix",
        "type": "github"
      }
    },
    "gitsigns-nvim": {
      "flake": false,
      "locked": {
        "lastModified": 1750058704,
        "narHash": "sha256-V9aXXR9ZP2G/XInHt07RylC4rS+AyMXAAfODvC6pVxw=",
        "owner": "lewis6991",
        "repo": "gitsigns.nvim",
        "rev": "88205953bd748322b49b26e1dfb0389932520dc9",
        "type": "github"
      },
      "original": {
        "owner": "lewis6991",
        "repo": "gitsigns.nvim",
        "type": "github"
      }
    },
    "hercules-ci-effects": {
      "inputs": {
        "flake-parts": "flake-parts_4",
        "nixpkgs": [
          "neovim-nightly",
          "nixpkgs"
        ]
      },
      "locked": {
        "lastModified": 1748000383,
        "narHash": "sha256-EaAJhwfJGBncgIV/0NlJviid2DP93cTMc9h0q6P6xXk=",
        "owner": "hercules-ci",
        "repo": "hercules-ci-effects",
        "rev": "231726642197817d20310b9d39dd4afb9e899489",
        "type": "github"
      },
      "original": {
        "owner": "hercules-ci",
        "repo": "hercules-ci-effects",
        "type": "github"
      }
    },
    "highlight-undo-nvim": {
      "flake": false,
      "locked": {
        "lastModified": 1739540808,
        "narHash": "sha256-TNqOKLfWulUokHZC/j9EJ+RtBvhA1A2RhKfBeWshbT8=",
        "owner": "tzachar",
        "repo": "highlight-undo.nvim",
        "rev": "a5e2e2d43f6d131bf526619baeeeec32397b0789",
        "type": "github"
      },
      "original": {
        "owner": "tzachar",
        "repo": "highlight-undo.nvim",
        "type": "github"
      }
    },
    "hlargs-nvim": {
      "flake": false,
      "locked": {
        "lastModified": 1750096091,
        "narHash": "sha256-PEYo4tcawKgqATbKw46BIus+D0afP6Q0YSrlJ0WHAA4=",
        "owner": "m-demare",
        "repo": "hlargs.nvim",
        "rev": "ce8d705866dae44513ff48613d5e37e4da524d70",
        "type": "github"
      },
      "original": {
        "owner": "m-demare",
        "repo": "hlargs.nvim",
        "type": "github"
      }
    },
    "hover-nvim": {
      "flake": false,
      "locked": {
        "lastModified": 1746800662,
        "narHash": "sha256-0oXxMczABulrPtjUomuc+mvWK3s83f5ADXP7i8pG38E=",
        "owner": "lewis6991",
        "repo": "hover.nvim",
        "rev": "07c7269c3a88751f2f36ed0563dc6e7b8b84f7f7",
        "type": "github"
      },
      "original": {
        "owner": "lewis6991",
        "repo": "hover.nvim",
        "type": "github"
      }
    },
    "inc-rename-nvim": {
      "flake": false,
      "locked": {
        "lastModified": 1748718202,
        "narHash": "sha256-tF9rZLrCVNexT63DF81R8dUZdo8K6FkT0vuiiH2qPyk=",
        "owner": "smjonas",
        "repo": "inc-rename.nvim",
        "rev": "a3e31af13844534c66041ce92f29af7745883875",
        "type": "github"
      },
      "original": {
        "owner": "smjonas",
        "repo": "inc-rename.nvim",
        "type": "github"
      }
    },
    "indent-blankline-nvim": {
      "flake": false,
      "locked": {
        "lastModified": 1742224677,
        "narHash": "sha256-0q/V+b4UrDRnaC/eRWOi9HU9a61vQSAM9/C8ZQyKt+Y=",
        "owner": "lukas-reineke",
        "repo": "indent-blankline.nvim",
        "rev": "005b56001b2cb30bfa61b7986bc50657816ba4ba",
        "type": "github"
      },
      "original": {
        "owner": "lukas-reineke",
        "repo": "indent-blankline.nvim",
        "type": "github"
      }
    },
    "lspkind-nvim": {
      "flake": false,
      "locked": {
        "lastModified": 1733408701,
        "narHash": "sha256-OCvKUBGuzwy8OWOL1x3Z3fo+0+GyBMI9TX41xSveqvE=",
        "owner": "onsails",
        "repo": "lspkind.nvim",
        "rev": "d79a1c3299ad0ef94e255d045bed9fa26025dab6",
        "type": "github"
      },
      "original": {
        "owner": "onsails",
        "repo": "lspkind.nvim",
        "type": "github"
      }
    },
    "lualine-lsp-progress": {
      "flake": false,
      "locked": {
        "lastModified": 1634947677,
        "narHash": "sha256-8HMtydFDzTxsuKvce+bIra9vZ9zHfEBHyR346W635b8=",
        "owner": "arkav",
        "repo": "lualine-lsp-progress",
        "rev": "56842d097245a08d77912edf5f2a69ba29f275d7",
        "type": "github"
      },
      "original": {
        "owner": "arkav",
        "repo": "lualine-lsp-progress",
        "type": "github"
      }
    },
    "lualine-nvim": {
      "flake": false,
      "locked": {
        "lastModified": 1749383457,
        "narHash": "sha256-2aPgA7riA/FubQpTkqsxLKl7OZ8L6FkucNHc2QEx2HQ=",
        "owner": "nvim-lualine",
        "repo": "lualine.nvim",
        "rev": "a94fc68960665e54408fe37dcf573193c4ce82c9",
        "type": "github"
      },
      "original": {
        "owner": "nvim-lualine",
        "repo": "lualine.nvim",
        "type": "github"
      }
    },
    "luasnip": {
      "flake": false,
      "locked": {
        "lastModified": 1749564222,
        "narHash": "sha256-StttV19d5gWbFPxerCOX3dXIaRwg1oeUANIbNztALps=",
        "owner": "L3MON4D3",
        "repo": "LuaSnip",
        "rev": "fb525166ccc30296fb3457441eb979113de46b00",
        "type": "github"
      },
      "original": {
        "owner": "L3MON4D3",
        "repo": "LuaSnip",
        "type": "github"
      }
    },
    "luvit-meta": {
      "flake": false,
      "locked": {
        "lastModified": 1705776742,
        "narHash": "sha256-zAAptV/oLuLAAsa2zSB/6fxlElk4+jNZd/cPr9oxFig=",
        "owner": "Bilal2453",
        "repo": "luvit-meta",
        "rev": "ce76f6f6cdc9201523a5875a4471dcfe0186eb60",
        "type": "github"
      },
      "original": {
        "owner": "Bilal2453",
        "repo": "luvit-meta",
        "type": "github"
      }
    },
    "neotest": {
      "flake": false,
      "locked": {
        "lastModified": 1748098642,
        "narHash": "sha256-OpYEB682YumFpKSSyEygPMhYdf3WHWh2Bh1iunQfXSM=",
        "owner": "nvim-neotest",
        "repo": "neotest",
        "rev": "ef492755730e59e1d8122c461abbd086bee4c76b",
        "type": "github"
      },
      "original": {
        "owner": "nvim-neotest",
        "repo": "neotest",
        "type": "github"
      }
    },
    "neotest-plenary": {
      "flake": false,
      "locked": {
        "lastModified": 1726413648,
        "narHash": "sha256-NQGGq1HiBmu/4OhkvNruUWw+OmzS8MQ8LL9dWwaw2oo=",
        "owner": "nvim-neotest",
        "repo": "neotest-plenary",
        "rev": "3523adcf9ffaad1911960c5813b0136c1b63a2ec",
        "type": "github"
      },
      "original": {
        "owner": "nvim-neotest",
        "repo": "neotest-plenary",
        "type": "github"
      }
    },
    "neotest-scala": {
      "flake": false,
      "locked": {
        "lastModified": 1665871139,
        "narHash": "sha256-engAlfkyvYC2FsKvN2TzsBbSpnikmShhxs6pWmpeKEY=",
        "owner": "stevanmilic",
        "repo": "neotest-scala",
        "rev": "685f0fac6196862b47025c6b91513af6a406501a",
        "type": "github"
      },
      "original": {
        "owner": "stevanmilic",
        "repo": "neotest-scala",
        "type": "github"
      }
    },
    "neovim-nightly": {
      "inputs": {
        "flake-compat": "flake-compat_2",
        "flake-parts": "flake-parts_3",
        "git-hooks": "git-hooks_2",
        "hercules-ci-effects": "hercules-ci-effects",
        "neovim-src": "neovim-src",
        "nixpkgs": "nixpkgs_3",
        "treefmt-nix": "treefmt-nix"
      },
      "locked": {
        "lastModified": 1750119416,
        "narHash": "sha256-wGa5HXzU9lK4Q7ODv8/n5oY/QbIl8R2wUyDxcLsV3B4=",
        "owner": "nix-community",
        "repo": "neovim-nightly-overlay",
        "rev": "5b231a9c0efd15547569bd753dbec420b90c8c98",
        "type": "github"
      },
      "original": {
        "owner": "nix-community",
        "repo": "neovim-nightly-overlay",
        "type": "github"
      }
    },
    "neovim-src": {
      "flake": false,
      "locked": {
        "lastModified": 1750116292,
        "narHash": "sha256-JTG1BFIIKmFfuT+sIhwrphAIjREgV4FfRcyuztr89P0=",
        "owner": "neovim",
        "repo": "neovim",
        "rev": "3e984cf02bdcebe2d4f31792505b6a3784fd1b1b",
        "type": "github"
      },
      "original": {
        "owner": "neovim",
        "repo": "neovim",
        "type": "github"
      }
    },
    "nixpkgs": {
      "locked": {
        "lastModified": 1736166416,
        "narHash": "sha256-U47xeACNBpkSO6IcCm0XvahsVXpJXzjPIQG7TZlOToU=",
        "owner": "nixos",
        "repo": "nixpkgs",
        "rev": "b30f97d8c32d804d2d832ee837d0f1ca0695faa5",
        "type": "github"
      },
      "original": {
        "owner": "nixos",
        "ref": "nixpkgs-unstable",
        "repo": "nixpkgs",
        "type": "github"
      }
    },
    "nixpkgs-lib": {
      "locked": {
        "lastModified": 1733096140,
        "narHash": "sha256-1qRH7uAUsyQI7R1Uwl4T+XvdNv778H0Nb5njNrqvylY=",
        "type": "tarball",
        "url": "https://github.com/NixOS/nixpkgs/archive/5487e69da40cbd611ab2cadee0b4637225f7cfae.tar.gz"
      },
      "original": {
        "type": "tarball",
        "url": "https://github.com/NixOS/nixpkgs/archive/5487e69da40cbd611ab2cadee0b4637225f7cfae.tar.gz"
      }
    },
    "nixpkgs-lib_2": {
      "locked": {
        "lastModified": 1717284937,
        "narHash": "sha256-lIbdfCsf8LMFloheeE6N31+BMIeixqyQWbSr2vk79EQ=",
        "type": "tarball",
        "url": "https://github.com/NixOS/nixpkgs/archive/eb9ceca17df2ea50a250b6b27f7bf6ab0186f198.tar.gz"
      },
      "original": {
        "type": "tarball",
        "url": "https://github.com/NixOS/nixpkgs/archive/eb9ceca17df2ea50a250b6b27f7bf6ab0186f198.tar.gz"
      }
    },
    "nixpkgs-stable": {
      "locked": {
        "lastModified": 1720386169,
        "narHash": "sha256-NGKVY4PjzwAa4upkGtAMz1npHGoRzWotlSnVlqI40mo=",
        "owner": "NixOS",
        "repo": "nixpkgs",
        "rev": "194846768975b7ad2c4988bdb82572c00222c0d7",
        "type": "github"
      },
      "original": {
        "owner": "NixOS",
        "ref": "nixos-24.05",
        "repo": "nixpkgs",
        "type": "github"
      }
    },
    "nixpkgs_2": {
      "locked": {
        "lastModified": 1718714799,
        "narHash": "sha256-FUZpz9rg3gL8NVPKbqU8ei1VkPLsTIfAJ2fdAf5qjak=",
        "owner": "nixos",
        "repo": "nixpkgs",
        "rev": "c00d587b1a1afbf200b1d8f0b0e4ba9deb1c7f0e",
        "type": "github"
      },
      "original": {
        "owner": "nixos",
        "ref": "nixos-unstable",
        "repo": "nixpkgs",
        "type": "github"
      }
    },
    "nixpkgs_3": {
      "locked": {
        "lastModified": 1749903597,
        "narHash": "sha256-jp0D4vzBcRKwNZwfY4BcWHemLGUs4JrS3X9w5k/JYDA=",
        "owner": "NixOS",
        "repo": "nixpkgs",
        "rev": "41da1e3ea8e23e094e5e3eeb1e6b830468a7399e",
        "type": "github"
      },
      "original": {
        "owner": "NixOS",
        "ref": "nixpkgs-unstable",
        "repo": "nixpkgs",
        "type": "github"
      }
    },
    "nixpkgs_4": {
      "locked": {
        "lastModified": 1750134718,
        "narHash": "sha256-v263g4GbxXv87hMXMCpjkIxd/viIF7p3JpJrwgKdNiI=",
        "owner": "NixOS",
        "repo": "nixpkgs",
        "rev": "9e83b64f727c88a7711a2c463a7b16eedb69a84c",
        "type": "github"
      },
      "original": {
        "owner": "NixOS",
        "ref": "nixos-unstable",
        "repo": "nixpkgs",
        "type": "github"
      }
    },
    "noice-nvim": {
      "flake": false,
      "locked": {
        "lastModified": 1739300525,
        "narHash": "sha256-0yu3JX7dXb9b+1REAVP+6K350OlYN6DBm8hEKgkQHgA=",
        "owner": "folke",
        "repo": "noice.nvim",
        "rev": "0427460c2d7f673ad60eb02b35f5e9926cf67c59",
        "type": "github"
      },
      "original": {
        "owner": "folke",
        "repo": "noice.nvim",
        "type": "github"
      }
    },
    "nui-nvim": {
      "flake": false,
      "locked": {
        "lastModified": 1749392788,
        "narHash": "sha256-41slmnvt1z7sCxvpiVuFmQ9g7eCaxQi1dDCL3AxSL1A=",
        "owner": "MunifTanjim",
        "repo": "nui.nvim",
        "rev": "de740991c12411b663994b2860f1a4fd0937c130",
        "type": "github"
      },
      "original": {
        "owner": "MunifTanjim",
        "repo": "nui.nvim",
        "type": "github"
      }
    },
    "nvim-cmp": {
      "flake": false,
      "locked": {
        "lastModified": 1744514599,
        "narHash": "sha256-l5z+PT4S9b09d2M+J/tHVd9W9Ss3eQQk5Ykpz2Qjxxw=",
        "owner": "hrsh7th",
        "repo": "nvim-cmp",
        "rev": "b5311ab3ed9c846b585c0c15b7559be131ec4be9",
        "type": "github"
      },
      "original": {
        "owner": "hrsh7th",
        "repo": "nvim-cmp",
        "type": "github"
      }
    },
    "nvim-context-vt": {
      "flake": false,
      "locked": {
        "lastModified": 1735842825,
        "narHash": "sha256-o0dQzs0noGjngdwvgCETSe3FzAJBhcUKA872kw5dFbg=",
        "owner": "andersevenrud",
        "repo": "nvim_context_vt",
        "rev": "10e13ec47a9bb341192d893e58cf91c61cde4935",
        "type": "github"
      },
      "original": {
        "owner": "andersevenrud",
        "repo": "nvim_context_vt",
        "type": "github"
      }
    },
    "nvim-jqx": {
      "flake": false,
      "locked": {
        "lastModified": 1717118597,
        "narHash": "sha256-2A1O7xSlsmG1LjwfqQxta9pdKlEu7Uj+yAVaVZolX2g=",
        "owner": "gennaro-tedesco",
        "repo": "nvim-jqx",
        "rev": "07393e80fa8097e82f9038fec05e948fe8a60fd1",
        "type": "github"
      },
      "original": {
        "owner": "gennaro-tedesco",
        "repo": "nvim-jqx",
        "type": "github"
      }
    },
    "nvim-lsp-notify": {
      "flake": false,
      "locked": {
        "lastModified": 1701949382,
        "narHash": "sha256-t93G/RbcG6wOJSp7xIaGCKb2a/800GFcN8f00wV6lcQ=",
        "owner": "mrded",
        "repo": "nvim-lsp-notify",
        "rev": "9541bdde0b84b7a33a24dbc2eccc3df33d4a0cdb",
        "type": "github"
      },
      "original": {
        "owner": "mrded",
        "repo": "nvim-lsp-notify",
        "type": "github"
      }
    },
    "nvim-metals": {
      "flake": false,
      "locked": {
        "lastModified": 1749891902,
        "narHash": "sha256-qxTYbaVaINishdbqh8UJefjrSDKDbN7x0t1wUiRz6bU=",
        "owner": "scalameta",
        "repo": "nvim-metals",
        "rev": "852b8aa60d8ca30e14ef9253ced91656e845cfb7",
        "type": "github"
      },
      "original": {
        "owner": "scalameta",
        "repo": "nvim-metals",
        "type": "github"
      }
    },
    "nvim-navic": {
      "flake": false,
      "locked": {
        "lastModified": 1746804498,
        "narHash": "sha256-7L1rww1Z6NfcaOV5LUjspfwDhOk0asii8DdHmTe3ulc=",
        "owner": "SmiteshP",
        "repo": "nvim-navic",
        "rev": "f887d794a0f4594882814d7780980a949200a238",
        "type": "github"
      },
      "original": {
        "owner": "SmiteshP",
        "repo": "nvim-navic",
        "type": "github"
      }
    },
    "nvim-nio": {
      "flake": false,
      "locked": {
        "lastModified": 1737405073,
        "narHash": "sha256-eDbzJAGdUBhTwuD0Nt9FihZj1MmVdQfn/GKIybuu5a8=",
        "owner": "nvim-neotest",
        "repo": "nvim-nio",
        "rev": "21f5324bfac14e22ba26553caf69ec76ae8a7662",
        "type": "github"
      },
      "original": {
        "owner": "nvim-neotest",
        "repo": "nvim-nio",
        "type": "github"
      }
    },
    "nvim-notify": {
      "flake": false,
      "locked": {
        "lastModified": 1744548826,
        "narHash": "sha256-m4dQ8KuMhbEpRh6zLTlIUDN9ojFj69LZnXXLepmdFI8=",
        "owner": "rcarriga",
        "repo": "nvim-notify",
        "rev": "b5825cf9ee881dd8e43309c93374ed5b87b7a896",
        "type": "github"
      },
      "original": {
        "owner": "rcarriga",
        "repo": "nvim-notify",
        "type": "github"
      }
    },
    "nvim-rooter-lua": {
      "flake": false,
      "locked": {
        "lastModified": 1732552422,
        "narHash": "sha256-5I0un0QVQsfQwSF+sLgtkDa7CoZc/FIr5sIbFKcI544=",
        "owner": "notjedi",
        "repo": "nvim-rooter.lua",
        "rev": "7689d05e8ab95acb4b24785253d913c0aae18be9",
        "type": "github"
      },
      "original": {
        "owner": "notjedi",
        "repo": "nvim-rooter.lua",
        "type": "github"
      }
    },
    "nvim-scissors": {
      "flake": false,
      "locked": {
        "lastModified": 1750077428,
        "narHash": "sha256-9r44RtQTA3JjNMc1Uur6YblJvIhHSPiY6AD7sBDWPxM=",
        "owner": "chrisgrieser",
        "repo": "nvim-scissors",
        "rev": "cf890edfa78a5ba49176083150dbed1888872ff9",
        "type": "github"
      },
      "original": {
        "owner": "chrisgrieser",
        "repo": "nvim-scissors",
        "type": "github"
      }
    },
    "nvim-spider": {
      "flake": false,
      "locked": {
        "lastModified": 1750083338,
        "narHash": "sha256-u58xAieLiSIoi9KWrdxzooKLqS0Xv2GqGr0io5mf1Mk=",
        "owner": "chrisgrieser",
        "repo": "nvim-spider",
        "rev": "d4bdc45eac425e77108f068bd0706ff3ac20be7f",
        "type": "github"
      },
      "original": {
        "owner": "chrisgrieser",
        "repo": "nvim-spider",
        "type": "github"
      }
    },
    "nvim-surround": {
      "flake": false,
      "locked": {
        "lastModified": 1748285403,
        "narHash": "sha256-U2g8e5/NuUXT0sH+IGwf83YC8JMFoWYk3OMdpRHe8+Q=",
        "owner": "kylechui",
        "repo": "nvim-surround",
        "rev": "8dd9150ca7eae5683660ea20cec86edcd5ca4046",
        "type": "github"
      },
      "original": {
        "owner": "kylechui",
        "repo": "nvim-surround",
        "type": "github"
      }
    },
    "nvim-tree-lua": {
      "flake": false,
      "locked": {
        "lastModified": 1750143568,
        "narHash": "sha256-E2YdGlvvpnT/PiayfQldwpbCnjsyNDcoTzxgMf2ajV8=",
        "owner": "nvim-tree",
        "repo": "nvim-tree.lua",
        "rev": "d54a1875a91e1a705795ea26074795210b92ce7f",
        "type": "github"
      },
      "original": {
        "owner": "nvim-tree",
        "repo": "nvim-tree.lua",
        "type": "github"
      }
    },
    "nvim-treesitter": {
      "flake": false,
      "locked": {
        "lastModified": 1748094813,
        "narHash": "sha256-CVs9FTdg3oKtRjz2YqwkMr0W5qYLGfVyxyhE3qnGYbI=",
        "owner": "nvim-treesitter",
        "repo": "nvim-treesitter",
        "rev": "42fc28ba918343ebfd5565147a42a26580579482",
        "type": "github"
      },
      "original": {
        "owner": "nvim-treesitter",
        "repo": "nvim-treesitter",
        "type": "github"
      }
    },
    "nvim-unception": {
      "flake": false,
      "locked": {
        "lastModified": 1743728326,
        "narHash": "sha256-/IaKQ7Z/om/+N2/HpU1adVqxx0IsyGDhbG3UYOtKSpc=",
        "owner": "samjwill",
        "repo": "nvim-unception",
        "rev": "df0e505f0f1371c49c2bcf993985962edb5a279d",
        "type": "github"
      },
      "original": {
        "owner": "samjwill",
        "repo": "nvim-unception",
        "type": "github"
      }
    },
    "nvim-web-devicons": {
      "flake": false,
      "locked": {
        "lastModified": 1747360641,
        "narHash": "sha256-+RHeFaeCF/iwAf8qAOjbEIl3YcnrBMVfkQnnzDNhyTA=",
        "owner": "nvim-tree",
        "repo": "nvim-web-devicons",
        "rev": "1fb58cca9aebbc4fd32b086cb413548ce132c127",
        "type": "github"
      },
      "original": {
        "owner": "nvim-tree",
        "repo": "nvim-web-devicons",
        "type": "github"
      }
    },
    "nvim_context_vt": {
      "flake": false,
      "locked": {
        "lastModified": 1735842825,
        "narHash": "sha256-o0dQzs0noGjngdwvgCETSe3FzAJBhcUKA872kw5dFbg=",
        "owner": "andersevenrud",
        "repo": "nvim_context_vt",
        "rev": "10e13ec47a9bb341192d893e58cf91c61cde4935",
        "type": "github"
      },
      "original": {
        "owner": "andersevenrud",
        "repo": "nvim_context_vt",
        "type": "github"
      }
    },
    "onenord-nvim": {
      "flake": false,
      "locked": {
        "lastModified": 1748280390,
        "narHash": "sha256-J72kZjO/Me9tPkQWUSQMhjFwymBVjX2UzAtcxm1x9Xg=",
        "owner": "rmehri01",
        "repo": "onenord.nvim",
        "rev": "dbf4c848929c473ec548a080fc32cb85aa2af706",
        "type": "github"
      },
      "original": {
        "owner": "rmehri01",
        "repo": "onenord.nvim",
        "type": "github"
      }
    },
    "plenary-nvim": {
      "flake": false,
      "locked": {
        "lastModified": 1739311008,
        "narHash": "sha256-8FV5RjF7QbDmQOQynpK7uRKONKbPRYbOPugf9ZxNvUs=",
        "owner": "nvim-lua",
        "repo": "plenary.nvim",
        "rev": "857c5ac632080dba10aae49dba902ce3abf91b35",
        "type": "github"
      },
      "original": {
        "owner": "nvim-lua",
        "repo": "plenary.nvim",
        "type": "github"
      }
    },
    "root": {
      "inputs": {
        "actions-preview-nvim": "actions-preview-nvim",
        "autoclose-nvim": "autoclose-nvim",
        "blink-cmp": "blink-cmp",
        "charleston-nvim": "charleston-nvim",
        "cmp-luasnip": "cmp-luasnip",
        "cmp-nvim-lsp": "cmp-nvim-lsp",
        "conform-nvim": "conform-nvim",
        "diagflow-nvim": "diagflow-nvim",
        "eagle-nvim": "eagle-nvim",
        "easypick-nvim": "easypick-nvim",
        "evergarden": "evergarden",
        "fidget-nvim": "fidget-nvim",
        "flake-utils": "flake-utils",
        "gen-luarc": "gen-luarc",
        "gitsigns-nvim": "gitsigns-nvim",
        "highlight-undo-nvim": "highlight-undo-nvim",
        "hlargs-nvim": "hlargs-nvim",
        "hover-nvim": "hover-nvim",
        "inc-rename-nvim": "inc-rename-nvim",
        "indent-blankline-nvim": "indent-blankline-nvim",
        "lspkind-nvim": "lspkind-nvim",
        "lualine-lsp-progress": "lualine-lsp-progress",
        "lualine-nvim": "lualine-nvim",
        "luasnip": "luasnip",
        "neotest": "neotest",
        "neotest-plenary": "neotest-plenary",
        "neotest-scala": "neotest-scala",
        "neovim-nightly": "neovim-nightly",
        "nixpkgs": "nixpkgs_4",
        "noice-nvim": "noice-nvim",
        "nui-nvim": "nui-nvim",
        "nvim-cmp": "nvim-cmp",
        "nvim-context-vt": "nvim-context-vt",
        "nvim-jqx": "nvim-jqx",
        "nvim-lsp-notify": "nvim-lsp-notify",
        "nvim-metals": "nvim-metals",
        "nvim-navic": "nvim-navic",
        "nvim-nio": "nvim-nio",
        "nvim-notify": "nvim-notify",
        "nvim-rooter-lua": "nvim-rooter-lua",
        "nvim-scissors": "nvim-scissors",
        "nvim-spider": "nvim-spider",
        "nvim-surround": "nvim-surround",
        "nvim-tree-lua": "nvim-tree-lua",
        "nvim-treesitter": "nvim-treesitter",
        "nvim-unception": "nvim-unception",
        "nvim-web-devicons": "nvim-web-devicons",
        "nvim_context_vt": "nvim_context_vt",
        "onenord-nvim": "onenord-nvim",
        "plenary-nvim": "plenary-nvim",
        "scrollbar-nvim": "scrollbar-nvim",
        "search-nvim": "search-nvim",
        "substitute-nvim": "substitute-nvim",
        "telescope-glyph-nvim": "telescope-glyph-nvim",
        "telescope-hoogle-nvim": "telescope-hoogle-nvim",
        "telescope-lsp-handlers-nvim": "telescope-lsp-handlers-nvim",
        "telescope-media-files-nvim": "telescope-media-files-nvim",
        "telescope-nvim": "telescope-nvim",
        "telescope-rooter-nvim": "telescope-rooter-nvim",
        "telescope-symbols-nvim": "telescope-symbols-nvim",
        "telescope-ui-select-nvim": "telescope-ui-select-nvim",
        "telescope-undo-nvim": "telescope-undo-nvim",
        "tidy-nvim": "tidy-nvim",
        "trouble-nvim": "trouble-nvim",
        "undotree": "undotree",
        "unicode-vim": "unicode-vim",
        "vague-nvim": "vague-nvim",
        "vim-cabalfmt": "vim-cabalfmt",
        "vim-illuminate": "vim-illuminate",
        "vim-rooter": "vim-rooter",
        "vim-scala": "vim-scala",
        "yankbank-nvim": "yankbank-nvim"
      }
    },
    "rust-analyzer-src": {
      "flake": false,
      "locked": {
        "lastModified": 1746889290,
        "narHash": "sha256-h3LQYZgyv2l3U7r+mcsrEOGRldaK0zJFwAAva4hV/6g=",
        "owner": "rust-lang",
        "repo": "rust-analyzer",
        "rev": "2bafe9d96c6734aacfd49e115f6cf61e7adc68bc",
        "type": "github"
      },
      "original": {
        "owner": "rust-lang",
        "ref": "nightly",
        "repo": "rust-analyzer",
        "type": "github"
      }
    },
    "scrollbar-nvim": {
      "flake": false,
      "locked": {
        "lastModified": 1742740596,
        "narHash": "sha256-ilEpAvW6l8yJgl/VV673onqhXEqJ7fRnp4bG8yG+E8w=",
        "owner": "Xuyuanp",
        "repo": "scrollbar.nvim",
        "rev": "c96fc2fb1a3b5a9e6e82d94014490d5bca9beb9b",
        "type": "github"
      },
      "original": {
        "owner": "Xuyuanp",
        "repo": "scrollbar.nvim",
        "type": "github"
      }
    },
    "search-nvim": {
      "flake": false,
      "locked": {
        "lastModified": 1716295855,
        "narHash": "sha256-88rMEtHTk5jEQ00YleSr8x32Q3m0VFZdxSE2vQ+f0rM=",
        "owner": "FabianWirth",
        "repo": "search.nvim",
        "rev": "7b8f2315d031be73e14bc2d82386dfac15952614",
        "type": "github"
      },
      "original": {
        "owner": "FabianWirth",
        "repo": "search.nvim",
        "type": "github"
      }
    },
    "substitute-nvim": {
      "flake": false,
      "locked": {
        "lastModified": 1742546920,
        "narHash": "sha256-2z2mwBFzA3wUwcVvyu409JGu2j1+1SVpDhTZ7uzoduM=",
        "owner": "gbprod",
        "repo": "substitute.nvim",
        "rev": "9db749a880e3dd3b0eb57f698aa8f1e1630e1f25",
        "type": "github"
      },
      "original": {
        "owner": "gbprod",
        "repo": "substitute.nvim",
        "type": "github"
      }
    },
    "systems": {
      "locked": {
        "lastModified": 1681028828,
        "narHash": "sha256-Vy1rq5AaRuLzOxct8nz4T6wlgyUR7zLU309k9mBC768=",
        "owner": "nix-systems",
        "repo": "default",
        "rev": "da67096a3b9bf56a91d16901293e51ba5b49a27e",
        "type": "github"
      },
      "original": {
        "owner": "nix-systems",
        "repo": "default",
        "type": "github"
      }
    },
    "telescope-glyph-nvim": {
      "flake": false,
      "locked": {
        "lastModified": 1661143906,
        "narHash": "sha256-6H4afMXtaZn066oBq3z8vvR7WH7WhqZkvziyOXlsNVg=",
        "owner": "ghassan0",
        "repo": "telescope-glyph.nvim",
        "rev": "f63f01e129e71cc25b79637610674bbf0be5ce9d",
        "type": "github"
      },
      "original": {
        "owner": "ghassan0",
        "repo": "telescope-glyph.nvim",
        "type": "github"
      }
    },
    "telescope-hoogle-nvim": {
      "flake": false,
      "locked": {
        "lastModified": 1659904786,
        "narHash": "sha256-7flswhLGPqLhnJY+O1Z7LKwBTGZhllqmACRdxDoMHgk=",
        "owner": "psiska",
        "repo": "telescope-hoogle.nvim",
        "rev": "e138b719bbf29935108eb602f179daa18f0d938b",
        "type": "github"
      },
      "original": {
        "owner": "psiska",
        "repo": "telescope-hoogle.nvim",
        "type": "github"
      }
    },
    "telescope-lsp-handlers-nvim": {
      "flake": false,
      "locked": {
        "lastModified": 1677955671,
        "narHash": "sha256-AgwzHr2UmwwqzlXlmQPLxdf6+EX6frvA2FJ/aJKSN3w=",
        "owner": "gbrlsnchs",
        "repo": "telescope-lsp-handlers.nvim",
        "rev": "de02085d6af1633942549a238bc7a5524fa9b201",
        "type": "github"
      },
      "original": {
        "owner": "gbrlsnchs",
        "repo": "telescope-lsp-handlers.nvim",
        "type": "github"
      }
    },
    "telescope-media-files-nvim": {
      "flake": false,
      "locked": {
        "lastModified": 1676798033,
        "narHash": "sha256-+mIQVIoreE+goSBtMucgiEPldI01JDRdCKWH/6mzey8=",
        "owner": "nvim-telescope",
        "repo": "telescope-media-files.nvim",
        "rev": "0826c7a730bc4d36068f7c85cf4c5b3fd9fb570a",
        "type": "github"
      },
      "original": {
        "owner": "nvim-telescope",
        "repo": "telescope-media-files.nvim",
        "type": "github"
      }
    },
    "telescope-nvim": {
      "flake": false,
      "locked": {
        "lastModified": 1747012888,
        "narHash": "sha256-JpW0ehsX81yVbKNzrYOe1hdgVMs6oaaxMLH6lECnOJg=",
        "owner": "nvim-telescope",
        "repo": "telescope.nvim",
        "rev": "b4da76be54691e854d3e0e02c36b0245f945c2c7",
        "type": "github"
      },
      "original": {
        "owner": "nvim-telescope",
        "repo": "telescope.nvim",
        "type": "github"
      }
    },
    "telescope-rooter-nvim": {
      "flake": false,
      "locked": {
        "lastModified": 1716039029,
        "narHash": "sha256-nnbzjtWOBqvyboMlUCwzbgBPo9cCgfNZTU742UYiewc=",
        "owner": "desdic",
        "repo": "telescope-rooter.nvim",
        "rev": "9154954d1e075b61e88d3b181edeeae635f82bca",
        "type": "github"
      },
      "original": {
        "owner": "desdic",
        "repo": "telescope-rooter.nvim",
        "type": "github"
      }
    },
    "telescope-symbols-nvim": {
      "flake": false,
      "locked": {
        "lastModified": 1700844890,
        "narHash": "sha256-zYON9z3ELwjfqZ11LD6E7M+bymuBHxrSjYXhsCPEwR8=",
        "owner": "nvim-telescope",
        "repo": "telescope-symbols.nvim",
        "rev": "a6d0127a53d39b9fc2af75bd169d288166118aec",
        "type": "github"
      },
      "original": {
        "owner": "nvim-telescope",
        "repo": "telescope-symbols.nvim",
        "type": "github"
      }
    },
    "telescope-ui-select-nvim": {
      "flake": false,
      "locked": {
        "lastModified": 1701723223,
        "narHash": "sha256-YRhNmmG4gx9Ht8JwjQfbTjJyTHEuZmtP6lqnhOsk8bE=",
        "owner": "nvim-telescope",
        "repo": "telescope-ui-select.nvim",
        "rev": "6e51d7da30bd139a6950adf2a47fda6df9fa06d2",
        "type": "github"
      },
      "original": {
        "owner": "nvim-telescope",
        "repo": "telescope-ui-select.nvim",
        "type": "github"
      }
    },
    "telescope-undo-nvim": {
      "flake": false,
      "locked": {
        "lastModified": 1738336431,
        "narHash": "sha256-KKCBr5l6U2OoJ/rVkMP7pVeO5M6phx2MOrxc5yIn6L4=",
        "owner": "debugloop",
        "repo": "telescope-undo.nvim",
        "rev": "928d0c2dc9606e01e2cc547196f48d2eaecf58e5",
        "type": "github"
      },
      "original": {
        "owner": "debugloop",
        "repo": "telescope-undo.nvim",
        "type": "github"
      }
    },
    "tidy-nvim": {
      "flake": false,
      "locked": {
        "lastModified": 1749939273,
        "narHash": "sha256-Z2GhfyqyP23ODmE/+No1/yX9geZsttpRBVnV7bYvhBg=",
        "owner": "mcauley-penney",
        "repo": "tidy.nvim",
        "rev": "8f535d0e6f489937f074711e03792e927c24fb2e",
        "type": "github"
      },
      "original": {
        "owner": "mcauley-penney",
        "repo": "tidy.nvim",
        "type": "github"
      }
    },
    "treefmt-nix": {
      "inputs": {
        "nixpkgs": [
          "neovim-nightly",
          "nixpkgs"
        ]
      },
      "locked": {
        "lastModified": 1749194973,
        "narHash": "sha256-eEy8cuS0mZ2j/r/FE0/LYBSBcIs/MKOIVakwHVuqTfk=",
        "owner": "numtide",
        "repo": "treefmt-nix",
        "rev": "a05be418a1af1198ca0f63facb13c985db4cb3c5",
        "type": "github"
      },
      "original": {
        "owner": "numtide",
        "repo": "treefmt-nix",
        "type": "github"
      }
    },
    "trouble-nvim": {
      "flake": false,
      "locked": {
        "lastModified": 1739392872,
        "narHash": "sha256-au9wp88a0CutEf2f8Bi0vFTUR0zvQKgFX1vMVg4myGI=",
        "owner": "folke",
        "repo": "trouble.nvim",
        "rev": "85bedb7eb7fa331a2ccbecb9202d8abba64d37b3",
        "type": "github"
      },
      "original": {
        "owner": "folke",
        "repo": "trouble.nvim",
        "type": "github"
      }
    },
    "undotree": {
      "flake": false,
      "locked": {
        "lastModified": 1741878850,
        "narHash": "sha256-HGf4Toe+12YZtIalvANDXAtksCsnxQkZbcevOAnl5G4=",
        "owner": "mbbill",
        "repo": "undotree",
        "rev": "b951b87b46c34356d44aa71886aecf9dd7f5788a",
        "type": "github"
      },
      "original": {
        "owner": "mbbill",
        "repo": "undotree",
        "type": "github"
      }
    },
    "unicode-vim": {
      "flake": false,
      "locked": {
        "lastModified": 1746449677,
        "narHash": "sha256-iZGAl8aqJafIUgqeXWfzRtCp/mOQS5f1czpQINogYQU=",
        "owner": "chrisbra",
        "repo": "unicode.vim",
        "rev": "c7ae86b93e70e816377ad194789bab0f5639dce2",
        "type": "github"
      },
      "original": {
        "owner": "chrisbra",
        "repo": "unicode.vim",
        "type": "github"
      }
    },
    "vague-nvim": {
      "flake": false,
      "locked": {
        "lastModified": 1749820550,
        "narHash": "sha256-isROQFePz8ofJg0qa3Avbwh4Ml4p9Ii2d+VAAkbeGO8=",
        "owner": "vague2k",
        "repo": "vague.nvim",
        "rev": "41b6b9a985c9091d0ec8571191e89d6950968cec",
        "type": "github"
      },
      "original": {
        "owner": "vague2k",
        "repo": "vague.nvim",
        "type": "github"
      }
    },
    "vim-cabalfmt": {
      "flake": false,
      "locked": {
        "lastModified": 1593513422,
        "narHash": "sha256-PqgV85aPJLbYf165IhLUwr9R0dzhW6YX7vNULNKOPUM=",
        "owner": "sdiehl",
        "repo": "vim-cabalfmt",
        "rev": "90f544ee637ee16f5acad01f4d7952734c7baed0",
        "type": "github"
      },
      "original": {
        "owner": "sdiehl",
        "repo": "vim-cabalfmt",
        "type": "github"
      }
    },
    "vim-illuminate": {
      "flake": false,
      "locked": {
        "lastModified": 1748105647,
        "narHash": "sha256-KqAJRCtDBG5xsvNsqkxoBdDckg02u4NBBreYQw7BphA=",
        "owner": "RRethy",
        "repo": "vim-illuminate",
        "rev": "0d1e93684da00ab7c057410fecfc24f434698898",
        "type": "github"
      },
      "original": {
        "owner": "RRethy",
        "repo": "vim-illuminate",
        "type": "github"
      }
    },
    "vim-rooter": {
      "flake": false,
      "locked": {
        "lastModified": 1623158305,
        "narHash": "sha256-U61jNnJ97mnZ09k2TO5vYolyfwWeQ1XjeR5zHNWvoX8=",
        "owner": "edvmorango",
        "repo": "vim-rooter",
        "rev": "9a5ce8edc67cca36cc530ee27a805112ce7a7e9b",
        "type": "github"
      },
      "original": {
        "owner": "edvmorango",
        "repo": "vim-rooter",
        "type": "github"
      }
    },
    "vim-scala": {
      "flake": false,
      "locked": {
        "lastModified": 1641291049,
        "narHash": "sha256-lUj+6DGyCvWyu/fIz15saQoIWkG/w6HAmjCG7VmVOvk=",
        "owner": "gvolpe",
        "repo": "vim-scala",
        "rev": "7379894b48df6b677788a75b8f04632e717102a8",
        "type": "github"
      },
      "original": {
        "owner": "gvolpe",
        "repo": "vim-scala",
        "type": "github"
      }
    },
    "yankbank-nvim": {
      "flake": false,
      "locked": {
        "lastModified": 1730120355,
        "narHash": "sha256-gl4CMBDNcPZCfO8TUzqy8VtAWantsV54ayHlGrhMsj8=",
        "owner": "ptdewey",
        "repo": "yankbank-nvim",
        "rev": "ded8f01bd6a7887310e14d463c8aa55eb79ec281",
        "type": "github"
      },
      "original": {
        "owner": "ptdewey",
        "repo": "yankbank-nvim",
        "type": "github"
      }
    }
  },
  "root": "root",
  "version": 7
}
